Microsoft Visual Studio Solution File, Format Version 10.00
# Visual C++ Express 2008
Project("{8BC9CEB8-8B4A-11D0-8D11-00A0C91BC942}") = "Seed", "Seed SDL 8.vcproj", "{D5B9F9EE-D553-47C6-B1E8-10D5145F6472}"
EndProject
Project("{8BC9CEB8-8B4A-11D0-8D11-00A0C91BC942}") = "sprite-basic1", "..\..\seeddemos\sprite\basic1\project\project1.vcproj", "{2BE9AA39-A4B9-4AC7-90A9-CE64FECE7B14}"
EndProject
Project("{8BC9CEB8-8B4A-11D0-8D11-00A0C91BC942}") = "sprite-movie1", "..\..\seeddemos\sprite\movie1\project\project2.vcproj", "{55962E06-4E2B-4A74-938A-D3705996843D}"
EndProject
Project("{8BC9CEB8-8B4A-11D0-8D11-00A0C91BC942}") = "sprite-movie2", "..\..\seeddemos\sprite\movie2\project\project3.vcproj", "{70713857-61AD-4F4C-98BA-4BA8A132117A}"
EndProject
Project("{8BC9CEB8-8B4A-11D0-8D11-00A0C91BC942}") = "sprite-movie3", "..\..\seeddemos\sprite\movie3\project\project4.vcproj", "{DA8671C9-46BC-47A8-A8DF-7B154C22B19F}"
EndProject
Project("{8BC9CEB8-8B4A-11D0-8D11-00A0C91BC942}") = "sprite-movie4", "..\..\seeddemos\sprite\movie4\project\project5.vcproj", "{0E9B183E-C453-4B9E-87BC-B67C7160FFAE}"
EndProject
Project("{8BC9CEB8-8B4A-11D0-8D11-00A0C91BC942}") = "sprite-movie5", "..\..\seeddemos\sprite\movie5\project\project6.vcproj", "{DC70FDD6-751D-423A-A438-5029883C5901}"
EndProject
Project("{8BC9CEB8-8B4A-11D0-8D11-00A0C91BC942}") = "gui-basic1", "..\..\seeddemos\gui\basic1\project\project8.vcproj", "{A5E3BD41-D0F2-4DDF-9504-F1B6F2B230D7}"
EndProject
Project("{8BC9CEB8-8B4A-11D0-8D11-00A0C91BC942}") = "gui-basic2", "..\..\seeddemos\gui\basic2\project\project9.vcproj", "{8132DC06-ACF7-4B93-8CF5-20818E702049}"
EndProject
Project("{8BC9CEB8-8B4A-11D0-8D11-00A0C91BC942}") = "gui-basic3", "..\..\seeddemos\gui\basic3\project\project10.vcproj", "{88B8DC4C-873F-4363-8AB4-FE66F36134FF}"
EndProject
Project("{8BC9CEB8-8B4A-11D0-8D11-00A0C91BC942}") = "gui-basic4", "..\..\seeddemos\gui\basic4\project\project11.vcproj", "{B926F5FA-C1B1-4381-B80C-BC8C3C487F80}"
EndProject
Project("{8BC9CEB8-8B4A-11D0-8D11-00A0C91BC942}") = "input-basic1", "..\..\seeddemos\input\basic1\project\project12.vcproj", "{A22E3520-77BC-4766-9C4A-4EF336D01496}"
EndProject
Project("{8BC9CEB8-8B4A-11D0-8D11-00A0C91BC942}") = "particle-basic1", "..\..\seeddemos\particle\basic1\project\project13.vcproj", "{92F2A89F-70CE-4FC1-AA56-004B8AA84F24}"
EndProject
Project("{8BC9CEB8-8B4A-11D0-8D11-00A0C91BC942}") = "save-basic1", "..\..\seeddemos\save\basic1\project\project14.vcproj", "{FE85EFCE-FB4E-4E6D-A311-21ED8FFB4E2E}"
EndProject
Project("{8BC9CEB8-8B4A-11D0-8D11-00A0C91BC942}") = "sound-basic1", "..\..\seeddemos\sound\basic1\project\project15.vcproj", "{4DF10C5C-F503-4916-BC74-27266E952039}"
EndProject
Global
	GlobalSection(SolutionConfigurationPlatforms) = preSolution
		Debug Commercial|Win32 = Debug Commercial|Win32
		Debug LGPL|Win32 = Debug LGPL|Win32
		Release Commercial|Win32 = Release Commercial|Win32
		Release LGPL|Win32 = Release LGPL|Win32
	EndGlobalSection
	GlobalSection(ProjectConfigurationPlatforms) = postSolution
		{D5B9F9EE-D553-47C6-B1E8-10D5145F6472}.Debug Commercial|Win32.ActiveCfg = Debug Commercial|Win32
		{D5B9F9EE-D553-47C6-B1E8-10D5145F6472}.Debug Commercial|Win32.Build.0 = Debug Commercial|Win32
		{D5B9F9EE-D553-47C6-B1E8-10D5145F6472}.Debug LGPL|Win32.ActiveCfg = Debug LGPL|Win32
		{D5B9F9EE-D553-47C6-B1E8-10D5145F6472}.Debug LGPL|Win32.Build.0 = Debug LGPL|Win32
		{D5B9F9EE-D553-47C6-B1E8-10D5145F6472}.Release Commercial|Win32.ActiveCfg = Release Commercial|Win32
		{D5B9F9EE-D553-47C6-B1E8-10D5145F6472}.Release Commercial|Win32.Build.0 = Release Commercial|Win32
		{D5B9F9EE-D553-47C6-B1E8-10D5145F6472}.Release LGPL|Win32.ActiveCfg = Release LGPL|Win32
		{D5B9F9EE-D553-47C6-B1E8-10D5145F6472}.Release LGPL|Win32.Build.0 = Release LGPL|Win32
		{2BE9AA39-A4B9-4AC7-90A9-CE64FECE7B14}.Debug Commercial|Win32.ActiveCfg = Debug LGPL|Win32
		{2BE9AA39-A4B9-4AC7-90A9-CE64FECE7B14}.Debug Commercial|Win32.Build.0 = Debug LGPL|Win32
		{2BE9AA39-A4B9-4AC7-90A9-CE64FECE7B14}.Debug LGPL|Win32.ActiveCfg = Debug LGPL|Win32
		{2BE9AA39-A4B9-4AC7-90A9-CE64FECE7B14}.Debug LGPL|Win32.Build.0 = Debug LGPL|Win32
		{2BE9AA39-A4B9-4AC7-90A9-CE64FECE7B14}.Release Commercial|Win32.ActiveCfg = Release LGPL|Win32
		{2BE9AA39-A4B9-4AC7-90A9-CE64FECE7B14}.Release Commercial|Win32.Build.0 = Release LGPL|Win32
		{2BE9AA39-A4B9-4AC7-90A9-CE64FECE7B14}.Release LGPL|Win32.ActiveCfg = Release LGPL|Win32
		{2BE9AA39-A4B9-4AC7-90A9-CE64FECE7B14}.Release LGPL|Win32.Build.0 = Release LGPL|Win32
		{55962E06-4E2B-4A74-938A-D3705996843D}.Debug Commercial|Win32.ActiveCfg = Debug LGPL|Win32
		{55962E06-4E2B-4A74-938A-D3705996843D}.Debug Commercial|Win32.Build.0 = Debug LGPL|Win32
		{55962E06-4E2B-4A74-938A-D3705996843D}.Debug LGPL|Win32.ActiveCfg = Debug LGPL|Win32
		{55962E06-4E2B-4A74-938A-D3705996843D}.Debug LGPL|Win32.Build.0 = Debug LGPL|Win32
		{55962E06-4E2B-4A74-938A-D3705996843D}.Release Commercial|Win32.ActiveCfg = Release LGPL|Win32
		{55962E06-4E2B-4A74-938A-D3705996843D}.Release Commercial|Win32.Build.0 = Release LGPL|Win32
		{55962E06-4E2B-4A74-938A-D3705996843D}.Release LGPL|Win32.ActiveCfg = Release LGPL|Win32
		{55962E06-4E2B-4A74-938A-D3705996843D}.Release LGPL|Win32.Build.0 = Release LGPL|Win32
		{70713857-61AD-4F4C-98BA-4BA8A132117A}.Debug Commercial|Win32.ActiveCfg = Debug LGPL|Win32
		{70713857-61AD-4F4C-98BA-4BA8A132117A}.Debug Commercial|Win32.Build.0 = Debug LGPL|Win32
		{70713857-61AD-4F4C-98BA-4BA8A132117A}.Debug LGPL|Win32.ActiveCfg = Debug LGPL|Win32
		{70713857-61AD-4F4C-98BA-4BA8A132117A}.Debug LGPL|Win32.Build.0 = Debug LGPL|Win32
		{70713857-61AD-4F4C-98BA-4BA8A132117A}.Release Commercial|Win32.ActiveCfg = Release LGPL|Win32
		{70713857-61AD-4F4C-98BA-4BA8A132117A}.Release Commercial|Win32.Build.0 = Release LGPL|Win32
		{70713857-61AD-4F4C-98BA-4BA8A132117A}.Release LGPL|Win32.ActiveCfg = Release LGPL|Win32
		{70713857-61AD-4F4C-98BA-4BA8A132117A}.Release LGPL|Win32.Build.0 = Release LGPL|Win32
		{DA8671C9-46BC-47A8-A8DF-7B154C22B19F}.Debug Commercial|Win32.ActiveCfg = Debug LGPL|Win32
		{DA8671C9-46BC-47A8-A8DF-7B154C22B19F}.Debug Commercial|Win32.Build.0 = Debug LGPL|Win32
		{DA8671C9-46BC-47A8-A8DF-7B154C22B19F}.Debug LGPL|Win32.ActiveCfg = Debug LGPL|Win32
		{DA8671C9-46BC-47A8-A8DF-7B154C22B19F}.Debug LGPL|Win32.Build.0 = Debug LGPL|Win32
		{DA8671C9-46BC-47A8-A8DF-7B154C22B19F}.Release Commercial|Win32.ActiveCfg = Release LGPL|Win32
		{DA8671C9-46BC-47A8-A8DF-7B154C22B19F}.Release Commercial|Win32.Build.0 = Release LGPL|Win32
		{DA8671C9-46BC-47A8-A8DF-7B154C22B19F}.Release LGPL|Win32.ActiveCfg = Release LGPL|Win32
		{DA8671C9-46BC-47A8-A8DF-7B154C22B19F}.Release LGPL|Win32.Build.0 = Release LGPL|Win32
		{0E9B183E-C453-4B9E-87BC-B67C7160FFAE}.Debug Commercial|Win32.ActiveCfg = Debug LGPL|Win32
		{0E9B183E-C453-4B9E-87BC-B67C7160FFAE}.Debug Commercial|Win32.Build.0 = Debug LGPL|Win32
		{0E9B183E-C453-4B9E-87BC-B67C7160FFAE}.Debug LGPL|Win32.ActiveCfg = Debug LGPL|Win32
		{0E9B183E-C453-4B9E-87BC-B67C7160FFAE}.Debug LGPL|Win32.Build.0 = Debug LGPL|Win32
		{0E9B183E-C453-4B9E-87BC-B67C7160FFAE}.Release Commercial|Win32.ActiveCfg = Release LGPL|Win32
		{0E9B183E-C453-4B9E-87BC-B67C7160FFAE}.Release Commercial|Win32.Build.0 = Release LGPL|Win32
		{0E9B183E-C453-4B9E-87BC-B67C7160FFAE}.Release LGPL|Win32.ActiveCfg = Release LGPL|Win32
		{0E9B183E-C453-4B9E-87BC-B67C7160FFAE}.Release LGPL|Win32.Build.0 = Release LGPL|Win32
		{DC70FDD6-751D-423A-A438-5029883C5901}.Debug Commercial|Win32.ActiveCfg = Debug LGPL|Win32
		{DC70FDD6-751D-423A-A438-5029883C5901}.Debug Commercial|Win32.Build.0 = Debug LGPL|Win32
		{DC70FDD6-751D-423A-A438-5029883C5901}.Debug LGPL|Win32.ActiveCfg = Debug LGPL|Win32
		{DC70FDD6-751D-423A-A438-5029883C5901}.Debug LGPL|Win32.Build.0 = Debug LGPL|Win32
		{DC70FDD6-751D-423A-A438-5029883C5901}.Release Commercial|Win32.ActiveCfg = Release LGPL|Win32
		{DC70FDD6-751D-423A-A438-5029883C5901}.Release Commercial|Win32.Build.0 = Release LGPL|Win32
		{DC70FDD6-751D-423A-A438-5029883C5901}.Release LGPL|Win32.ActiveCfg = Release LGPL|Win32
		{DC70FDD6-751D-423A-A438-5029883C5901}.Release LGPL|Win32.Build.0 = Release LGPL|Win32
		{A5E3BD41-D0F2-4DDF-9504-F1B6F2B230D7}.Debug Commercial|Win32.ActiveCfg = Debug LGPL|Win32
		{A5E3BD41-D0F2-4DDF-9504-F1B6F2B230D7}.Debug Commercial|Win32.Build.0 = Debug LGPL|Win32
		{A5E3BD41-D0F2-4DDF-9504-F1B6F2B230D7}.Debug LGPL|Win32.ActiveCfg = Debug LGPL|Win32
		{A5E3BD41-D0F2-4DDF-9504-F1B6F2B230D7}.Debug LGPL|Win32.Build.0 = Debug LGPL|Win32
		{A5E3BD41-D0F2-4DDF-9504-F1B6F2B230D7}.Release Commercial|Win32.ActiveCfg = Release LGPL|Win32
		{A5E3BD41-D0F2-4DDF-9504-F1B6F2B230D7}.Release Commercial|Win32.Build.0 = Release LGPL|Win32
		{A5E3BD41-D0F2-4DDF-9504-F1B6F2B230D7}.Release LGPL|Win32.ActiveCfg = Release LGPL|Win32
		{A5E3BD41-D0F2-4DDF-9504-F1B6F2B230D7}.Release LGPL|Win32.Build.0 = Release LGPL|Win32
		{8132DC06-ACF7-4B93-8CF5-20818E702049}.Debug Commercial|Win32.ActiveCfg = Debug LGPL|Win32
		{8132DC06-ACF7-4B93-8CF5-20818E702049}.Debug Commercial|Win32.Build.0 = Debug LGPL|Win32
		{8132DC06-ACF7-4B93-8CF5-20818E702049}.Debug LGPL|Win32.ActiveCfg = Debug LGPL|Win32
		{8132DC06-ACF7-4B93-8CF5-20818E702049}.Debug LGPL|Win32.Build.0 = Debug LGPL|Win32
		{8132DC06-ACF7-4B93-8CF5-20818E702049}.Release Commercial|Win32.ActiveCfg = Release LGPL|Win32
		{8132DC06-ACF7-4B93-8CF5-20818E702049}.Release Commercial|Win32.Build.0 = Release LGPL|Win32
		{8132DC06-ACF7-4B93-8CF5-20818E702049}.Release LGPL|Win32.ActiveCfg = Release LGPL|Win32
		{8132DC06-ACF7-4B93-8CF5-20818E702049}.Release LGPL|Win32.Build.0 = Release LGPL|Win32
		{88B8DC4C-873F-4363-8AB4-FE66F36134FF}.Debug Commercial|Win32.ActiveCfg = Debug LGPL|Win32
		{88B8DC4C-873F-4363-8AB4-FE66F36134FF}.Debug Commercial|Win32.Build.0 = Debug LGPL|Win32
		{88B8DC4C-873F-4363-8AB4-FE66F36134FF}.Debug LGPL|Win32.ActiveCfg = Debug LGPL|Win32
		{88B8DC4C-873F-4363-8AB4-FE66F36134FF}.Debug LGPL|Win32.Build.0 = Debug LGPL|Win32
		{88B8DC4C-873F-4363-8AB4-FE66F36134FF}.Release Commercial|Win32.ActiveCfg = Release LGPL|Win32
		{88B8DC4C-873F-4363-8AB4-FE66F36134FF}.Release Commercial|Win32.Build.0 = Release LGPL|Win32
		{88B8DC4C-873F-4363-8AB4-FE66F36134FF}.Release LGPL|Win32.ActiveCfg = Release LGPL|Win32
		{88B8DC4C-873F-4363-8AB4-FE66F36134FF}.Release LGPL|Win32.Build.0 = Release LGPL|Win32
		{B926F5FA-C1B1-4381-B80C-BC8C3C487F80}.Debug Commercial|Win32.ActiveCfg = Debug LGPL|Win32
		{B926F5FA-C1B1-4381-B80C-BC8C3C487F80}.Debug Commercial|Win32.Build.0 = Debug LGPL|Win32
		{B926F5FA-C1B1-4381-B80C-BC8C3C487F80}.Debug LGPL|Win32.ActiveCfg = Debug LGPL|Win32
		{B926F5FA-C1B1-4381-B80C-BC8C3C487F80}.Debug LGPL|Win32.Build.0 = Debug LGPL|Win32
		{B926F5FA-C1B1-4381-B80C-BC8C3C487F80}.Release Commercial|Win32.ActiveCfg = Release LGPL|Win32
		{B926F5FA-C1B1-4381-B80C-BC8C3C487F80}.Release Commercial|Win32.Build.0 = Release LGPL|Win32
		{B926F5FA-C1B1-4381-B80C-BC8C3C487F80}.Release LGPL|Win32.ActiveCfg = Release LGPL|Win32
		{B926F5FA-C1B1-4381-B80C-BC8C3C487F80}.Release LGPL|Win32.Build.0 = Release LGPL|Win32
		{A22E3520-77BC-4766-9C4A-4EF336D01496}.Debug Commercial|Win32.ActiveCfg = Debug LGPL|Win32
		{A22E3520-77BC-4766-9C4A-4EF336D01496}.Debug Commercial|Win32.Build.0 = Debug LGPL|Win32
		{A22E3520-77BC-4766-9C4A-4EF336D01496}.Debug LGPL|Win32.ActiveCfg = Debug LGPL|Win32
		{A22E3520-77BC-4766-9C4A-4EF336D01496}.Debug LGPL|Win32.Build.0 = Debug LGPL|Win32
		{A22E3520-77BC-4766-9C4A-4EF336D01496}.Release Commercial|Win32.ActiveCfg = Release LGPL|Win32
		{A22E3520-77BC-4766-9C4A-4EF336D01496}.Release Commercial|Win32.Build.0 = Release LGPL|Win32
		{A22E3520-77BC-4766-9C4A-4EF336D01496}.Release LGPL|Win32.ActiveCfg = Release LGPL|Win32
		{A22E3520-77BC-4766-9C4A-4EF336D01496}.Release LGPL|Win32.Build.0 = Release LGPL|Win32
		{92F2A89F-70CE-4FC1-AA56-004B8AA84F24}.Debug Commercial|Win32.ActiveCfg = Debug LGPL|Win32
		{92F2A89F-70CE-4FC1-AA56-004B8AA84F24}.Debug Commercial|Win32.Build.0 = Debug LGPL|Win32
		{92F2A89F-70CE-4FC1-AA56-004B8AA84F24}.Debug LGPL|Win32.ActiveCfg = Debug LGPL|Win32
		{92F2A89F-70CE-4FC1-AA56-004B8AA84F24}.Debug LGPL|Win32.Build.0 = Debug LGPL|Win32
		{92F2A89F-70CE-4FC1-AA56-004B8AA84F24}.Release Commercial|Win32.ActiveCfg = Release LGPL|Win32
		{92F2A89F-70CE-4FC1-AA56-004B8AA84F24}.Release Commercial|Win32.Build.0 = Release LGPL|Win32
		{92F2A89F-70CE-4FC1-AA56-004B8AA84F24}.Release LGPL|Win32.ActiveCfg = Release LGPL|Win32
		{92F2A89F-70CE-4FC1-AA56-004B8AA84F24}.Release LGPL|Win32.Build.0 = Release LGPL|Win32
		{FE85EFCE-FB4E-4E6D-A311-21ED8FFB4E2E}.Debug Commercial|Win32.ActiveCfg = Debug LGPL|Win32
		{FE85EFCE-FB4E-4E6D-A311-21ED8FFB4E2E}.Debug Commercial|Win32.Build.0 = Debug LGPL|Win32
		{FE85EFCE-FB4E-4E6D-A311-21ED8FFB4E2E}.Debug LGPL|Win32.ActiveCfg = Debug LGPL|Win32
		{FE85EFCE-FB4E-4E6D-A311-21ED8FFB4E2E}.Debug LGPL|Win32.Build.0 = Debug LGPL|Win32
		{FE85EFCE-FB4E-4E6D-A311-21ED8FFB4E2E}.Release Commercial|Win32.ActiveCfg = Release LGPL|Win32
		{FE85EFCE-FB4E-4E6D-A311-21ED8FFB4E2E}.Release Commercial|Win32.Build.0 = Release LGPL|Win32
		{FE85EFCE-FB4E-4E6D-A311-21ED8FFB4E2E}.Release LGPL|Win32.ActiveCfg = Release LGPL|Win32
		{FE85EFCE-FB4E-4E6D-A311-21ED8FFB4E2E}.Release LGPL|Win32.Build.0 = Release LGPL|Win32
		{4DF10C5C-F503-4916-BC74-27266E952039}.Debug Commercial|Win32.ActiveCfg = Debug LGPL|Win32
		{4DF10C5C-F503-4916-BC74-27266E952039}.Debug Commercial|Win32.Build.0 = Debug LGPL|Win32
		{4DF10C5C-F503-4916-BC74-27266E952039}.Debug LGPL|Win32.ActiveCfg = Debug LGPL|Win32
		{4DF10C5C-F503-4916-BC74-27266E952039}.Debug LGPL|Win32.Build.0 = Debug LGPL|Win32
		{4DF10C5C-F503-4916-BC74-27266E952039}.Release Commercial|Win32.ActiveCfg = Release LGPL|Win32
		{4DF10C5C-F503-4916-BC74-27266E952039}.Release Commercial|Win32.Build.0 = Release LGPL|Win32
		{4DF10C5C-F503-4916-BC74-27266E952039}.Release LGPL|Win32.ActiveCfg = Release LGPL|Win32
		{4DF10C5C-F503-4916-BC74-27266E952039}.Release LGPL|Win32.Build.0 = Release LGPL|Win32
	EndGlobalSection
	GlobalSection(SolutionProperties) = preSolution
		HideSolutionNode = FALSE
	EndGlobalSection
EndGlobal
