<?xml version="1.0" encoding="UTF-8" standalone="yes" ?>
<CodeBlocks_project_file>
	<FileVersion major="1" minor="6" />
	<Project>
		<Option title="Seed SDL" />
		<Option pch_mode="2" />
		<Option compiler="gcc" />
		<Build>
			<Target title="Debug">
				<Option output="..\bin\debug\gcc\libSeed" prefix_auto="1" extension_auto="1" />
				<Option working_dir="" />
				<Option object_output="..\bin\obj\debug\" />
				<Option external_deps="bin\debug\libTGSSdl.a;" />
				<Option type="2" />
				<Option compiler="gcc" />
				<Option createDefFile="1" />
				<Compiler>
					<Add option="-pedantic" />
					<Add option="-Wall" />
					<Add option="-g" />
					<Add option="-DYMEM_DEBUG" />
					<Add option="-DDEBUG" />
					<Add option="-DYMEM_PARANOID_CHECK" />
					<Add directory="..\include" />
				</Compiler>
			</Target>
			<Target title="Release">
				<Option output="..\bin\release\gcc\libSeed" prefix_auto="1" extension_auto="1" />
				<Option working_dir="" />
				<Option object_output="..\bin\obj\release\" />
				<Option external_deps="bin\release\libTGSSdl.a;" />
				<Option type="2" />
				<Option compiler="gcc" />
				<Option createDefFile="1" />
				<Compiler>
					<Add option="-O3" />
					<Add option="-O2" />
					<Add option="-O1" />
					<Add option="-O" />
					<Add option="-Wall" />
					<Add option="-DRELEASE" />
					<Add directory="..\include" />
				</Compiler>
				<Linker>
					<Add option="-s" />
				</Linker>
			</Target>
		</Build>
		<Compiler>
			<Add option="-Wall" />
			<Add option="-Wno-long-long" />
			<Add option="-D_SDL_" />
			<Add option="-DWIN32" />
			<Add directory='&quot;$(#sdl.include)&quot;' />
		</Compiler>
		<Linker>
			<Add library="mingw32" />
			<Add library="SDLmain" />
			<Add library="SDL.dll" />
			<Add library="user32" />
			<Add library="gdi32" />
			<Add library="winmm" />
			<Add library="dxguid" />
			<Add library="opengl32" />
			<Add directory='&quot;$(#sdl.lib)&quot;' />
		</Linker>
		<Unit filename="..\include\Array.h" />
		<Unit filename="..\include\Base.h" />
		<Unit filename="..\include\Cartridge.h" />
		<Unit filename="..\include\Checksum.h" />
		<Unit filename="..\include\CollisionMask.h" />
		<Unit filename="..\include\Config.h" />
		<Unit filename="..\include\Defines.h" />
		<Unit filename="..\include\Dictionary.h" />
		<Unit filename="..\include\Enum.h" />
		<Unit filename="..\include\EventFileSystem.h" />
		<Unit filename="..\include\EventInputKeyboard.h" />
		<Unit filename="..\include\EventInputMotion.h" />
		<Unit filename="..\include\EventInputPointer.h" />
		<Unit filename="..\include\EventMovie.h" />
		<Unit filename="..\include\EventResourceLoader.h" />
		<Unit filename="..\include\EventSystem.h" />
		<Unit filename="..\include\File.h" />
		<Unit filename="..\include\FileSystem.h" />
		<Unit filename="..\include\Font.h" />
		<Unit filename="..\include\Formats.h" />
		<Unit filename="..\include\Image.h" />
		<Unit filename="..\include\Input.h" />
		<Unit filename="..\include\Key.h" />
		<Unit filename="..\include\Keyframe.h" />
		<Unit filename="..\include\Log.h" />
		<Unit filename="..\include\MemoryManager.h" />
		<Unit filename="..\include\Movie.h" />
		<Unit filename="..\include\Music.h" />
		<Unit filename="..\include\Mutex.h" />
		<Unit filename="..\include\Number.h" />
		<Unit filename="..\include\Package.h" />
		<Unit filename="..\include\PackageManager.h" />
		<Unit filename="..\include\Point.h" />
		<Unit filename="..\include\Rand.h" />
		<Unit filename="..\include\Rect.h" />
		<Unit filename="..\include\Renderer.h" />
		<Unit filename="..\include\Renderer2D.h" />
		<Unit filename="..\include\Renderer3D.h" />
		<Unit filename="..\include\ResourceGroup.h" />
		<Unit filename="..\include\ResourceLoader.h" />
		<Unit filename="..\include\ResourceManager.h" />
		<Unit filename="..\include\SaveSystem.h" />
		<Unit filename="..\include\Screen.h" />
		<Unit filename="..\include\Seed.h" />
		<Unit filename="..\include\SeedInit.h" />
		<Unit filename="..\include\Singleton.h" />
		<Unit filename="..\include\Sound.h" />
		<Unit filename="..\include\SoundSource.h" />
		<Unit filename="..\include\SoundSystem.h" />
		<Unit filename="..\include\Sprite.h" />
		<Unit filename="..\include\Sprite3D.h" />
		<Unit filename="..\include\SpriteObject.h" />
		<Unit filename="..\include\StateMachine.h" />
		<Unit filename="..\include\System.h" />
		<Unit filename="..\include\Text.h" />
		<Unit filename="..\include\Thread.h" />
		<Unit filename="..\include\Timeline.h" />
		<Unit filename="..\include\Timer.h" />
		<Unit filename="..\include\Trigonometry.h" />
		<Unit filename="..\include\Vector.h" />
		<Unit filename="..\include\extra\lzf\lzf.h" />
		<Unit filename="..\include\extra\lzf\lzfP.h" />
		<Unit filename="..\include\extra\lzf\tgs_lzf.h" />
		<Unit filename="..\include\extra\ymanager\yallocwrap.h" />
		<Unit filename="..\include\extra\ymanager\ydefines.h" />
		<Unit filename="..\include\extra\ymanager\ymemorymanager.h" />
		<Unit filename="..\include\gui\Button.h" />
		<Unit filename="..\include\gui\EventWidget.h" />
		<Unit filename="..\include\gui\GuiManager.h" />
		<Unit filename="..\include\gui\Label.h" />
		<Unit filename="..\include\gui\TextArea.h" />
		<Unit filename="..\include\interface\ICartridge.h" />
		<Unit filename="..\include\interface\IEvent.h" />
		<Unit filename="..\include\interface\IEventFileSystemListener.h" />
		<Unit filename="..\include\interface\IEventInput.h" />
		<Unit filename="..\include\interface\IEventInputKeyboardListener.h" />
		<Unit filename="..\include\interface\IEventInputMotionListener.h" />
		<Unit filename="..\include\interface\IEventInputPointerListener.h" />
		<Unit filename="..\include\interface\IEventListener.h" />
		<Unit filename="..\include\interface\IEventMovieListener.h" />
		<Unit filename="..\include\interface\IEventResourceLoaderListener.h" />
		<Unit filename="..\include\interface\IEventSystemListener.h" />
		<Unit filename="..\include\interface\IEventWidgetListener.h" />
		<Unit filename="..\include\interface\IFileSystem.h" />
		<Unit filename="..\include\interface\IGameApp.h" />
		<Unit filename="..\include\interface\IImage.h" />
		<Unit filename="..\include\interface\IInput.h" />
		<Unit filename="..\include\interface\IInputJoystick.h" />
		<Unit filename="..\include\interface\IInputKeyboard.h" />
		<Unit filename="..\include\interface\IInputMotion.h" />
		<Unit filename="..\include\interface\IInputPointer.h" />
		<Unit filename="..\include\interface\IMemoryManager.h" />
		<Unit filename="..\include\interface\IMemoryPool.h" />
		<Unit filename="..\include\interface\IModule.h" />
		<Unit filename="..\include\interface\IMusic.h" />
		<Unit filename="..\include\interface\IMutex.h" />
		<Unit filename="..\include\interface\IObject.h" />
		<Unit filename="..\include\interface\IRand.h" />
		<Unit filename="..\include\interface\IRenderable.h" />
		<Unit filename="..\include\interface\IRenderer.h" />
		<Unit filename="..\include\interface\IRenderer2D.h" />
		<Unit filename="..\include\interface\IRenderer3D.h" />
		<Unit filename="..\include\interface\IResource.h" />
		<Unit filename="..\include\interface\IScreen.h" />
		<Unit filename="..\include\interface\ISound.h" />
		<Unit filename="..\include\interface\ISoundSource.h" />
		<Unit filename="..\include\interface\ISoundSystem.h" />
		<Unit filename="..\include\interface\ISprite.h" />
		<Unit filename="..\include\interface\ISystem.h" />
		<Unit filename="..\include\interface\IThread.h" />
		<Unit filename="..\include\interface\ITimer.h" />
		<Unit filename="..\include\interface\ITransformable2D.h" />
		<Unit filename="..\include\interface\ITransformable3D.h" />
		<Unit filename="..\include\interface\IUpdatable.h" />
		<Unit filename="..\include\interface\IWidget.h" />
		<Unit filename="..\include\platform\gamebryo\BryoDefines.h" />
		<Unit filename="..\include\platform\gamebryo\BryoMemoryManager.h" />
		<Unit filename="..\include\platform\gamebryo\BryoRenderer.h" />
		<Unit filename="..\include\platform\gamebryo\BryoScreen.h" />
		<Unit filename="..\include\platform\gamebryo\BryoSystem.h" />
		<Unit filename="..\include\platform\iphone\IphCartridge.h" />
		<Unit filename="..\include\platform\iphone\IphDefines.h" />
		<Unit filename="..\include\platform\iphone\IphFileSystem.h" />
		<Unit filename="..\include\platform\iphone\IphImage.h" />
		<Unit filename="..\include\platform\iphone\IphInput.h" />
		<Unit filename="..\include\platform\iphone\IphMemoryManager.h" />
		<Unit filename="..\include\platform\iphone\IphMemoryPool.h" />
		<Unit filename="..\include\platform\iphone\IphMusic.h" />
		<Unit filename="..\include\platform\iphone\IphMutex.h" />
		<Unit filename="..\include\platform\iphone\IphRand.h" />
		<Unit filename="..\include\platform\iphone\IphRenderer.h" />
		<Unit filename="..\include\platform\iphone\IphRenderer2D.h" />
		<Unit filename="..\include\platform\iphone\IphScreen.h" />
		<Unit filename="..\include\platform\iphone\IphSound.h" />
		<Unit filename="..\include\platform\iphone\IphSoundSystem.h" />
		<Unit filename="..\include\platform\iphone\IphSprite.h" />
		<Unit filename="..\include\platform\iphone\IphSystem.h" />
		<Unit filename="..\include\platform\iphone\IphThread.h" />
		<Unit filename="..\include\platform\iphone\IphTimer.h" />
		<Unit filename="..\include\platform\iphone\IphoneSystemStub.h" />
		<Unit filename="..\include\platform\iphone\IphoneView.h" />
		<Unit filename="..\include\platform\sdl\SdlCartridge.h" />
		<Unit filename="..\include\platform\sdl\SdlDefines.h" />
		<Unit filename="..\include\platform\sdl\SdlFileSystem.h" />
		<Unit filename="..\include\platform\sdl\SdlImage.h" />
		<Unit filename="..\include\platform\sdl\SdlInput.h" />
		<Unit filename="..\include\platform\sdl\SdlMemoryManager.h" />
		<Unit filename="..\include\platform\sdl\SdlMemoryPool.h" />
		<Unit filename="..\include\platform\sdl\SdlMusic.h" />
		<Unit filename="..\include\platform\sdl\SdlMutex.h" />
		<Unit filename="..\include\platform\sdl\SdlRand.h" />
		<Unit filename="..\include\platform\sdl\SdlRenderer.h" />
		<Unit filename="..\include\platform\sdl\SdlRenderer2D.h" />
		<Unit filename="..\include\platform\sdl\SdlScreen.h" />
		<Unit filename="..\include\platform\sdl\SdlSound.h" />
		<Unit filename="..\include\platform\sdl\SdlSoundSource.h" />
		<Unit filename="..\include\platform\sdl\SdlSoundSystem.h" />
		<Unit filename="..\include\platform\sdl\SdlSprite.h" />
		<Unit filename="..\include\platform\sdl\SdlSystem.h" />
		<Unit filename="..\include\platform\sdl\SdlThread.h" />
		<Unit filename="..\include\platform\sdl\SdlTimer.h" />
		<Unit filename="..\include\platform\sdl\vorbis_util.h" />
		<Unit filename="..\include\platform\wii\Copy of WiiSoundSystem.h" />
		<Unit filename="..\include\platform\wii\WiiAiLive.h" />
		<Unit filename="..\include\platform\wii\WiiCartridge.h" />
		<Unit filename="..\include\platform\wii\WiiDefines.h" />
		<Unit filename="..\include\platform\wii\WiiFileSystem.h" />
		<Unit filename="..\include\platform\wii\WiiHomeButton.h" />
		<Unit filename="..\include\platform\wii\WiiImage.h" />
		<Unit filename="..\include\platform\wii\WiiInput.h" />
		<Unit filename="..\include\platform\wii\WiiMemoryManager.h" />
		<Unit filename="..\include\platform\wii\WiiMusic.h" />
		<Unit filename="..\include\platform\wii\WiiMutex.h" />
		<Unit filename="..\include\platform\wii\WiiRand.h" />
		<Unit filename="..\include\platform\wii\WiiRenderer.h" />
		<Unit filename="..\include\platform\wii\WiiRenderer2D.h" />
		<Unit filename="..\include\platform\wii\WiiRenderer3D.h" />
		<Unit filename="..\include\platform\wii\WiiScreen.h" />
		<Unit filename="..\include\platform\wii\WiiSound.h" />
		<Unit filename="..\include\platform\wii\WiiSoundHelper.h" />
		<Unit filename="..\include\platform\wii\WiiSoundSource.h" />
		<Unit filename="..\include\platform\wii\WiiSoundSystem.h" />
		<Unit filename="..\include\platform\wii\WiiSprite.h" />
		<Unit filename="..\include\platform\wii\WiiSwizzle.h" />
		<Unit filename="..\include\platform\wii\WiiSystem.h" />
		<Unit filename="..\include\platform\wii\WiiThread.h" />
		<Unit filename="..\include\platform\wii\WiiTimer.h" />
		<Unit filename="..\include\platform\wii\screenshot.h" />
		<Unit filename="..\source\Checksum.cpp" />
		<Unit filename="..\source\CollisionMask.cpp" />
		<Unit filename="..\source\Dictionary.cpp" />
		<Unit filename="..\source\EventFileSystem.cpp" />
		<Unit filename="..\source\EventInputKeyboard.cpp" />
		<Unit filename="..\source\EventInputMotion.cpp" />
		<Unit filename="..\source\EventInputPointer.cpp" />
		<Unit filename="..\source\EventMovie.cpp" />
		<Unit filename="..\source\EventResourceLoader.cpp" />
		<Unit filename="..\source\EventSystem.cpp" />
		<Unit filename="..\source\File.cpp" />
		<Unit filename="..\source\Font.cpp" />
		<Unit filename="..\source\Formats.cpp" />
		<Unit filename="..\source\Key.cpp" />
		<Unit filename="..\source\Keyframe.cpp" />
		<Unit filename="..\source\Movie.cpp" />
		<Unit filename="..\source\Package.cpp" />
		<Unit filename="..\source\PackageManager.cpp" />
		<Unit filename="..\source\ResourceGroup.cpp" />
		<Unit filename="..\source\ResourceLoader.cpp" />
		<Unit filename="..\source\ResourceManager.cpp" />
		<Unit filename="..\source\SaveSystem.cpp" />
		<Unit filename="..\source\SeedInit.cpp" />
		<Unit filename="..\source\SpriteObject.cpp" />
		<Unit filename="..\source\Text.cpp" />
		<Unit filename="..\source\Timeline.cpp" />
		<Unit filename="..\source\Trigonometry.cpp" />
		<Unit filename="..\source\extra\lzf\lzf_c.cpp" />
		<Unit filename="..\source\extra\lzf\lzf_d.cpp" />
		<Unit filename="..\source\extra\lzf\tgs_lzf.cpp" />
		<Unit filename="..\source\extra\ymanager\yallocwrap.cpp" />
		<Unit filename="..\source\extra\ymanager\ymemorymanager.cpp" />
		<Unit filename="..\source\gui\Button.cpp" />
		<Unit filename="..\source\gui\EventWidget.cpp" />
		<Unit filename="..\source\gui\GuiManager.cpp" />
		<Unit filename="..\source\gui\Label.cpp" />
		<Unit filename="..\source\gui\TextArea.cpp" />
		<Unit filename="..\source\interface\ICartridge.cpp" />
		<Unit filename="..\source\interface\IEvent.cpp" />
		<Unit filename="..\source\interface\IEventFileSystemListener.cpp" />
		<Unit filename="..\source\interface\IEventInput.cpp" />
		<Unit filename="..\source\interface\IEventInputKeyboardListener.cpp" />
		<Unit filename="..\source\interface\IEventInputMotionListener.cpp" />
		<Unit filename="..\source\interface\IEventInputPointerListener.cpp" />
		<Unit filename="..\source\interface\IEventListener.cpp" />
		<Unit filename="..\source\interface\IEventMovieListener.cpp" />
		<Unit filename="..\source\interface\IEventResourceLoaderListener.cpp" />
		<Unit filename="..\source\interface\IEventSystemListener.cpp" />
		<Unit filename="..\source\interface\IEventWidgetListener.cpp" />
		<Unit filename="..\source\interface\IFileSystem.cpp" />
		<Unit filename="..\source\interface\IGameApp.cpp" />
		<Unit filename="..\source\interface\IImage.cpp" />
		<Unit filename="..\source\interface\IInput.cpp" />
		<Unit filename="..\source\interface\IInputJoystick.cpp" />
		<Unit filename="..\source\interface\IInputKeyboard.cpp" />
		<Unit filename="..\source\interface\IInputMotion.cpp" />
		<Unit filename="..\source\interface\IInputPointer.cpp" />
		<Unit filename="..\source\interface\IMemoryManager.cpp" />
		<Unit filename="..\source\interface\IMemoryPool.cpp" />
		<Unit filename="..\source\interface\IModule.cpp" />
		<Unit filename="..\source\interface\IMusic.cpp" />
		<Unit filename="..\source\interface\IMutex.cpp" />
		<Unit filename="..\source\interface\IObject.cpp" />
		<Unit filename="..\source\interface\IRand.cpp" />
		<Unit filename="..\source\interface\IRenderable.cpp" />
		<Unit filename="..\source\interface\IRenderer.cpp" />
		<Unit filename="..\source\interface\IRenderer2D.cpp" />
		<Unit filename="..\source\interface\IRenderer3D.cpp" />
		<Unit filename="..\source\interface\IResource.cpp" />
		<Unit filename="..\source\interface\IScreen.cpp" />
		<Unit filename="..\source\interface\ISound.cpp" />
		<Unit filename="..\source\interface\ISoundSource.cpp" />
		<Unit filename="..\source\interface\ISoundSystem.cpp" />
		<Unit filename="..\source\interface\ISprite.cpp" />
		<Unit filename="..\source\interface\ISystem.cpp" />
		<Unit filename="..\source\interface\IThread.cpp" />
		<Unit filename="..\source\interface\ITimer.cpp" />
		<Unit filename="..\source\interface\ITransformable2D.cpp" />
		<Unit filename="..\source\interface\ITransformable3D.cpp" />
		<Unit filename="..\source\interface\IUpdatable.cpp" />
		<Unit filename="..\source\interface\IWidget.cpp" />
		<Unit filename="..\source\platform\gamebryo\BryoMemoryManager.cpp" />
		<Unit filename="..\source\platform\gamebryo\BryoRenderer.cpp" />
		<Unit filename="..\source\platform\gamebryo\BryoScreen.cpp" />
		<Unit filename="..\source\platform\gamebryo\BryoSystem.cpp" />
		<Unit filename="..\source\platform\iphone\IphCartridge.cpp" />
		<Unit filename="..\source\platform\iphone\IphFileSystem.cpp" />
		<Unit filename="..\source\platform\iphone\IphImage.cpp" />
		<Unit filename="..\source\platform\iphone\IphInput.cpp" />
		<Unit filename="..\source\platform\iphone\IphLog.cpp" />
		<Unit filename="..\source\platform\iphone\IphMemoryManager.cpp" />
		<Unit filename="..\source\platform\iphone\IphMemoryPool.cpp" />
		<Unit filename="..\source\platform\iphone\IphMusic.cpp" />
		<Unit filename="..\source\platform\iphone\IphMutex.cpp" />
		<Unit filename="..\source\platform\iphone\IphRand.cpp" />
		<Unit filename="..\source\platform\iphone\IphRenderer.cpp" />
		<Unit filename="..\source\platform\iphone\IphRenderer2D.cpp" />
		<Unit filename="..\source\platform\iphone\IphScreen.cpp" />
		<Unit filename="..\source\platform\iphone\IphSound.cpp" />
		<Unit filename="..\source\platform\iphone\IphSoundSystem.cpp" />
		<Unit filename="..\source\platform\iphone\IphSprite.cpp" />
		<Unit filename="..\source\platform\iphone\IphSystem.cpp" />
		<Unit filename="..\source\platform\iphone\IphThread.cpp" />
		<Unit filename="..\source\platform\iphone\IphTimer.cpp" />
		<Unit filename="..\source\platform\sdl\SdlCartridge.cpp" />
		<Unit filename="..\source\platform\sdl\SdlFileSystem.cpp" />
		<Unit filename="..\source\platform\sdl\SdlImage.cpp" />
		<Unit filename="..\source\platform\sdl\SdlInput.cpp" />
		<Unit filename="..\source\platform\sdl\SdlLog.cpp" />
		<Unit filename="..\source\platform\sdl\SdlMemoryManager.cpp" />
		<Unit filename="..\source\platform\sdl\SdlMemoryPool.cpp" />
		<Unit filename="..\source\platform\sdl\SdlMusic.cpp" />
		<Unit filename="..\source\platform\sdl\SdlMutex.cpp" />
		<Unit filename="..\source\platform\sdl\SdlRand.cpp" />
		<Unit filename="..\source\platform\sdl\SdlRenderer.cpp" />
		<Unit filename="..\source\platform\sdl\SdlRenderer2D.cpp" />
		<Unit filename="..\source\platform\sdl\SdlScreen.cpp" />
		<Unit filename="..\source\platform\sdl\SdlSound.cpp" />
		<Unit filename="..\source\platform\sdl\SdlSoundSource.cpp" />
		<Unit filename="..\source\platform\sdl\SdlSoundSystem.cpp" />
		<Unit filename="..\source\platform\sdl\SdlSprite.cpp" />
		<Unit filename="..\source\platform\sdl\SdlSystem.cpp" />
		<Unit filename="..\source\platform\sdl\SdlThread.cpp" />
		<Unit filename="..\source\platform\sdl\SdlTimer.cpp" />
		<Unit filename="..\source\platform\sdl\vorbis_util.cpp" />
		<Unit filename="..\source\platform\wii\Copy of WiiSoundSystem.cpp" />
		<Unit filename="..\source\platform\wii\WiiAiLive.cpp" />
		<Unit filename="..\source\platform\wii\WiiCartridge.cpp" />
		<Unit filename="..\source\platform\wii\WiiFileSystem.cpp" />
		<Unit filename="..\source\platform\wii\WiiHomeButton.cpp" />
		<Unit filename="..\source\platform\wii\WiiImage.cpp" />
		<Unit filename="..\source\platform\wii\WiiInput.cpp" />
		<Unit filename="..\source\platform\wii\WiiLog.cpp" />
		<Unit filename="..\source\platform\wii\WiiMemoryManager.cpp" />
		<Unit filename="..\source\platform\wii\WiiMusic.cpp" />
		<Unit filename="..\source\platform\wii\WiiMutex.cpp" />
		<Unit filename="..\source\platform\wii\WiiRand.cpp" />
		<Unit filename="..\source\platform\wii\WiiRenderer.cpp" />
		<Unit filename="..\source\platform\wii\WiiRenderer2D.cpp" />
		<Unit filename="..\source\platform\wii\WiiRenderer3D.cpp" />
		<Unit filename="..\source\platform\wii\WiiScreen.cpp" />
		<Unit filename="..\source\platform\wii\WiiSound.cpp" />
		<Unit filename="..\source\platform\wii\WiiSoundHelper.cpp" />
		<Unit filename="..\source\platform\wii\WiiSoundSource.cpp" />
		<Unit filename="..\source\platform\wii\WiiSoundSystem.cpp" />
		<Unit filename="..\source\platform\wii\WiiSprite.cpp" />
		<Unit filename="..\source\platform\wii\WiiSwizzle.cpp" />
		<Unit filename="..\source\platform\wii\WiiSystem.cpp" />
		<Unit filename="..\source\platform\wii\WiiThread.cpp" />
		<Unit filename="..\source\platform\wii\WiiTimer.cpp" />
		<Unit filename="..\source\platform\wii\screenshot.c">
			<Option compilerVar="CC" />
		</Unit>
		<Extensions>
			<code_completion />
			<envvars />
			<debugger />
			<lib_finder disable_auto="1" />
		</Extensions>
	</Project>
</CodeBlocks_project_file>
