// !$*UTF8*$!
{
	archiveVersion = 1;
	classes = {
	};
	objectVersion = 45;
	objects = {

/* Begin PBXBuildFile section */
		2D18752511EB5EAF00A8EB9F /* D3D8RendererDevice.cpp in Sources */ = {isa = PBXBuildFile; fileRef = 2D18747C11EB5EAF00A8EB9F /* D3D8RendererDevice.cpp */; };
		2D18752611EB5EAF00A8EB9F /* DirectXVersion.cpp in Sources */ = {isa = PBXBuildFile; fileRef = 2D18747D11EB5EAF00A8EB9F /* DirectXVersion.cpp */; };
		2D18752711EB5EAF00A8EB9F /* OalOggMusic.cpp in Sources */ = {isa = PBXBuildFile; fileRef = 2D18747F11EB5EAF00A8EB9F /* OalOggMusic.cpp */; };
		2D18752811EB5EAF00A8EB9F /* OalOggSound.cpp in Sources */ = {isa = PBXBuildFile; fileRef = 2D18748011EB5EAF00A8EB9F /* OalOggSound.cpp */; };
		2D18752911EB5EAF00A8EB9F /* OalOggSoundSource.cpp in Sources */ = {isa = PBXBuildFile; fileRef = 2D18748111EB5EAF00A8EB9F /* OalOggSoundSource.cpp */; };
		2D18752A11EB5EAF00A8EB9F /* OalOggSoundSystem.cpp in Sources */ = {isa = PBXBuildFile; fileRef = 2D18748211EB5EAF00A8EB9F /* OalOggSoundSystem.cpp */; };
		2D18752B11EB5EAF00A8EB9F /* vorbis_util.cpp in Sources */ = {isa = PBXBuildFile; fileRef = 2D18748311EB5EAF00A8EB9F /* vorbis_util.cpp */; };
		2D18752C11EB5EAF00A8EB9F /* Ogl14RendererDevice.cpp in Sources */ = {isa = PBXBuildFile; fileRef = 2D18748511EB5EAF00A8EB9F /* Ogl14RendererDevice.cpp */; };
		2D18752D11EB5EAF00A8EB9F /* Theora.cpp in Sources */ = {isa = PBXBuildFile; fileRef = 2D18748711EB5EAF00A8EB9F /* Theora.cpp */; };
		2D18752E11EB5EAF00A8EB9F /* Checksum.cpp in Sources */ = {isa = PBXBuildFile; fileRef = 2D18748811EB5EAF00A8EB9F /* Checksum.cpp */; };
		2D18752F11EB5EAF00A8EB9F /* CollisionMask.cpp in Sources */ = {isa = PBXBuildFile; fileRef = 2D18748911EB5EAF00A8EB9F /* CollisionMask.cpp */; };
		2D18753011EB5EAF00A8EB9F /* Configuration.cpp in Sources */ = {isa = PBXBuildFile; fileRef = 2D18748A11EB5EAF00A8EB9F /* Configuration.cpp */; };
		2D18753111EB5EAF00A8EB9F /* Dictionary.cpp in Sources */ = {isa = PBXBuildFile; fileRef = 2D18748B11EB5EAF00A8EB9F /* Dictionary.cpp */; };
		2D18753211EB5EAF00A8EB9F /* EventFileSystem.cpp in Sources */ = {isa = PBXBuildFile; fileRef = 2D18748C11EB5EAF00A8EB9F /* EventFileSystem.cpp */; };
		2D18753311EB5EAF00A8EB9F /* EventInputKeyboard.cpp in Sources */ = {isa = PBXBuildFile; fileRef = 2D18748D11EB5EAF00A8EB9F /* EventInputKeyboard.cpp */; };
		2D18753411EB5EAF00A8EB9F /* EventInputMotion.cpp in Sources */ = {isa = PBXBuildFile; fileRef = 2D18748E11EB5EAF00A8EB9F /* EventInputMotion.cpp */; };
		2D18753511EB5EAF00A8EB9F /* EventInputPointer.cpp in Sources */ = {isa = PBXBuildFile; fileRef = 2D18748F11EB5EAF00A8EB9F /* EventInputPointer.cpp */; };
		2D18753611EB5EAF00A8EB9F /* EventMovie.cpp in Sources */ = {isa = PBXBuildFile; fileRef = 2D18749011EB5EAF00A8EB9F /* EventMovie.cpp */; };
		2D18753711EB5EAF00A8EB9F /* EventResourceLoader.cpp in Sources */ = {isa = PBXBuildFile; fileRef = 2D18749111EB5EAF00A8EB9F /* EventResourceLoader.cpp */; };
		2D18753811EB5EAF00A8EB9F /* EventSystem.cpp in Sources */ = {isa = PBXBuildFile; fileRef = 2D18749211EB5EAF00A8EB9F /* EventSystem.cpp */; };
		2D18753C11EB5EAF00A8EB9F /* yallocwrap.cpp in Sources */ = {isa = PBXBuildFile; fileRef = 2D18749911EB5EAF00A8EB9F /* yallocwrap.cpp */; };
		2D18753D11EB5EAF00A8EB9F /* ymemorymanager.cpp in Sources */ = {isa = PBXBuildFile; fileRef = 2D18749A11EB5EAF00A8EB9F /* ymemorymanager.cpp */; };
		2D18753E11EB5EAF00A8EB9F /* File.cpp in Sources */ = {isa = PBXBuildFile; fileRef = 2D18749B11EB5EAF00A8EB9F /* File.cpp */; };
		2D18753F11EB5EAF00A8EB9F /* Font.cpp in Sources */ = {isa = PBXBuildFile; fileRef = 2D18749C11EB5EAF00A8EB9F /* Font.cpp */; };
		2D18754011EB5EAF00A8EB9F /* Formats.cpp in Sources */ = {isa = PBXBuildFile; fileRef = 2D18749D11EB5EAF00A8EB9F /* Formats.cpp */; };
		2D18754111EB5EAF00A8EB9F /* Button.cpp in Sources */ = {isa = PBXBuildFile; fileRef = 2D18749F11EB5EAF00A8EB9F /* Button.cpp */; };
		2D18754211EB5EAF00A8EB9F /* EventWidget.cpp in Sources */ = {isa = PBXBuildFile; fileRef = 2D1874A011EB5EAF00A8EB9F /* EventWidget.cpp */; };
		2D18754311EB5EAF00A8EB9F /* GuiManager.cpp in Sources */ = {isa = PBXBuildFile; fileRef = 2D1874A111EB5EAF00A8EB9F /* GuiManager.cpp */; };
		2D18754411EB5EAF00A8EB9F /* Label.cpp in Sources */ = {isa = PBXBuildFile; fileRef = 2D1874A211EB5EAF00A8EB9F /* Label.cpp */; };
		2D18754511EB5EAF00A8EB9F /* TextArea.cpp in Sources */ = {isa = PBXBuildFile; fileRef = 2D1874A311EB5EAF00A8EB9F /* TextArea.cpp */; };
		2D18754611EB5EAF00A8EB9F /* WidgetContainer.cpp in Sources */ = {isa = PBXBuildFile; fileRef = 2D1874A411EB5EAF00A8EB9F /* WidgetContainer.cpp */; };
		2D18754711EB5EAF00A8EB9F /* Image.cpp in Sources */ = {isa = PBXBuildFile; fileRef = 2D1874A511EB5EAF00A8EB9F /* Image.cpp */; };
		2D18754811EB5EAF00A8EB9F /* IBasicMesh.cpp in Sources */ = {isa = PBXBuildFile; fileRef = 2D1874A711EB5EAF00A8EB9F /* IBasicMesh.cpp */; };
		2D18754911EB5EAF00A8EB9F /* ICartridge.cpp in Sources */ = {isa = PBXBuildFile; fileRef = 2D1874A811EB5EAF00A8EB9F /* ICartridge.cpp */; };
		2D18754A11EB5EAF00A8EB9F /* IEvent.cpp in Sources */ = {isa = PBXBuildFile; fileRef = 2D1874A911EB5EAF00A8EB9F /* IEvent.cpp */; };
		2D18754B11EB5EAF00A8EB9F /* IEventFileSystemListener.cpp in Sources */ = {isa = PBXBuildFile; fileRef = 2D1874AA11EB5EAF00A8EB9F /* IEventFileSystemListener.cpp */; };
		2D18754C11EB5EAF00A8EB9F /* IEventInput.cpp in Sources */ = {isa = PBXBuildFile; fileRef = 2D1874AB11EB5EAF00A8EB9F /* IEventInput.cpp */; };
		2D18754D11EB5EAF00A8EB9F /* IEventInputKeyboardListener.cpp in Sources */ = {isa = PBXBuildFile; fileRef = 2D1874AC11EB5EAF00A8EB9F /* IEventInputKeyboardListener.cpp */; };
		2D18754E11EB5EAF00A8EB9F /* IEventInputMotionListener.cpp in Sources */ = {isa = PBXBuildFile; fileRef = 2D1874AD11EB5EAF00A8EB9F /* IEventInputMotionListener.cpp */; };
		2D18754F11EB5EAF00A8EB9F /* IEventInputPointerListener.cpp in Sources */ = {isa = PBXBuildFile; fileRef = 2D1874AE11EB5EAF00A8EB9F /* IEventInputPointerListener.cpp */; };
		2D18755011EB5EAF00A8EB9F /* IEventListener.cpp in Sources */ = {isa = PBXBuildFile; fileRef = 2D1874AF11EB5EAF00A8EB9F /* IEventListener.cpp */; };
		2D18755111EB5EAF00A8EB9F /* IEventMovieListener.cpp in Sources */ = {isa = PBXBuildFile; fileRef = 2D1874B011EB5EAF00A8EB9F /* IEventMovieListener.cpp */; };
		2D18755211EB5EAF00A8EB9F /* IEventResourceLoaderListener.cpp in Sources */ = {isa = PBXBuildFile; fileRef = 2D1874B111EB5EAF00A8EB9F /* IEventResourceLoaderListener.cpp */; };
		2D18755311EB5EAF00A8EB9F /* IEventSystemListener.cpp in Sources */ = {isa = PBXBuildFile; fileRef = 2D1874B211EB5EAF00A8EB9F /* IEventSystemListener.cpp */; };
		2D18755411EB5EAF00A8EB9F /* IEventWidgetListener.cpp in Sources */ = {isa = PBXBuildFile; fileRef = 2D1874B311EB5EAF00A8EB9F /* IEventWidgetListener.cpp */; };
		2D18755511EB5EAF00A8EB9F /* IFileSystem.cpp in Sources */ = {isa = PBXBuildFile; fileRef = 2D1874B411EB5EAF00A8EB9F /* IFileSystem.cpp */; };
		2D18755611EB5EAF00A8EB9F /* IGameApp.cpp in Sources */ = {isa = PBXBuildFile; fileRef = 2D1874B511EB5EAF00A8EB9F /* IGameApp.cpp */; };
		2D18755711EB5EAF00A8EB9F /* IInput.cpp in Sources */ = {isa = PBXBuildFile; fileRef = 2D1874B611EB5EAF00A8EB9F /* IInput.cpp */; };
		2D18755811EB5EAF00A8EB9F /* IInputJoystick.cpp in Sources */ = {isa = PBXBuildFile; fileRef = 2D1874B711EB5EAF00A8EB9F /* IInputJoystick.cpp */; };
		2D18755911EB5EAF00A8EB9F /* IInputKeyboard.cpp in Sources */ = {isa = PBXBuildFile; fileRef = 2D1874B811EB5EAF00A8EB9F /* IInputKeyboard.cpp */; };
		2D18755A11EB5EAF00A8EB9F /* IInputMotion.cpp in Sources */ = {isa = PBXBuildFile; fileRef = 2D1874B911EB5EAF00A8EB9F /* IInputMotion.cpp */; };
		2D18755B11EB5EAF00A8EB9F /* IInputPointer.cpp in Sources */ = {isa = PBXBuildFile; fileRef = 2D1874BA11EB5EAF00A8EB9F /* IInputPointer.cpp */; };
		2D18755C11EB5EAF00A8EB9F /* IMemoryManager.cpp in Sources */ = {isa = PBXBuildFile; fileRef = 2D1874BB11EB5EAF00A8EB9F /* IMemoryManager.cpp */; };
		2D18755D11EB5EAF00A8EB9F /* IMemoryPool.cpp in Sources */ = {isa = PBXBuildFile; fileRef = 2D1874BC11EB5EAF00A8EB9F /* IMemoryPool.cpp */; };
		2D18755E11EB5EAF00A8EB9F /* IModule.cpp in Sources */ = {isa = PBXBuildFile; fileRef = 2D1874BD11EB5EAF00A8EB9F /* IModule.cpp */; };
		2D18755F11EB5EAF00A8EB9F /* IMusic.cpp in Sources */ = {isa = PBXBuildFile; fileRef = 2D1874BE11EB5EAF00A8EB9F /* IMusic.cpp */; };
		2D18756011EB5EAF00A8EB9F /* IMutex.cpp in Sources */ = {isa = PBXBuildFile; fileRef = 2D1874BF11EB5EAF00A8EB9F /* IMutex.cpp */; };
		2D18756111EB5EAF00A8EB9F /* IObject.cpp in Sources */ = {isa = PBXBuildFile; fileRef = 2D1874C011EB5EAF00A8EB9F /* IObject.cpp */; };
		2D18756211EB5EAF00A8EB9F /* IPlayable.cpp in Sources */ = {isa = PBXBuildFile; fileRef = 2D1874C111EB5EAF00A8EB9F /* IPlayable.cpp */; };
		2D18756311EB5EAF00A8EB9F /* IRenderable.cpp in Sources */ = {isa = PBXBuildFile; fileRef = 2D1874C211EB5EAF00A8EB9F /* IRenderable.cpp */; };
		2D18756411EB5EAF00A8EB9F /* IRendererDevice.cpp in Sources */ = {isa = PBXBuildFile; fileRef = 2D1874C311EB5EAF00A8EB9F /* IRendererDevice.cpp */; };
		2D18756511EB5EAF00A8EB9F /* IResource.cpp in Sources */ = {isa = PBXBuildFile; fileRef = 2D1874C411EB5EAF00A8EB9F /* IResource.cpp */; };
		2D18756611EB5EAF00A8EB9F /* ISceneNode.cpp in Sources */ = {isa = PBXBuildFile; fileRef = 2D1874C511EB5EAF00A8EB9F /* ISceneNode.cpp */; };
		2D18756711EB5EAF00A8EB9F /* ISceneObject.cpp in Sources */ = {isa = PBXBuildFile; fileRef = 2D1874C611EB5EAF00A8EB9F /* ISceneObject.cpp */; };
		2D18756811EB5EAF00A8EB9F /* IScreen.cpp in Sources */ = {isa = PBXBuildFile; fileRef = 2D1874C711EB5EAF00A8EB9F /* IScreen.cpp */; };
		2D18756911EB5EAF00A8EB9F /* ISound.cpp in Sources */ = {isa = PBXBuildFile; fileRef = 2D1874C811EB5EAF00A8EB9F /* ISound.cpp */; };
		2D18756A11EB5EAF00A8EB9F /* ISoundSource.cpp in Sources */ = {isa = PBXBuildFile; fileRef = 2D1874C911EB5EAF00A8EB9F /* ISoundSource.cpp */; };
		2D18756B11EB5EAF00A8EB9F /* ISoundSystem.cpp in Sources */ = {isa = PBXBuildFile; fileRef = 2D1874CA11EB5EAF00A8EB9F /* ISoundSystem.cpp */; };
		2D18756C11EB5EAF00A8EB9F /* ISprite.cpp in Sources */ = {isa = PBXBuildFile; fileRef = 2D1874CB11EB5EAF00A8EB9F /* ISprite.cpp */; };
		2D18756D11EB5EAF00A8EB9F /* ISystem.cpp in Sources */ = {isa = PBXBuildFile; fileRef = 2D1874CC11EB5EAF00A8EB9F /* ISystem.cpp */; };
		2D18756E11EB5EAF00A8EB9F /* ITexture.cpp in Sources */ = {isa = PBXBuildFile; fileRef = 2D1874CD11EB5EAF00A8EB9F /* ITexture.cpp */; };
		2D18756F11EB5EAF00A8EB9F /* IThread.cpp in Sources */ = {isa = PBXBuildFile; fileRef = 2D1874CE11EB5EAF00A8EB9F /* IThread.cpp */; };
		2D18757011EB5EAF00A8EB9F /* ITimer.cpp in Sources */ = {isa = PBXBuildFile; fileRef = 2D1874CF11EB5EAF00A8EB9F /* ITimer.cpp */; };
		2D18757111EB5EAF00A8EB9F /* ITransformable2D.cpp in Sources */ = {isa = PBXBuildFile; fileRef = 2D1874D011EB5EAF00A8EB9F /* ITransformable2D.cpp */; };
		2D18757211EB5EAF00A8EB9F /* IUpdatable.cpp in Sources */ = {isa = PBXBuildFile; fileRef = 2D1874D111EB5EAF00A8EB9F /* IUpdatable.cpp */; };
		2D18757311EB5EAF00A8EB9F /* IVideo.cpp in Sources */ = {isa = PBXBuildFile; fileRef = 2D1874D211EB5EAF00A8EB9F /* IVideo.cpp */; };
		2D18757411EB5EAF00A8EB9F /* IWidget.cpp in Sources */ = {isa = PBXBuildFile; fileRef = 2D1874D311EB5EAF00A8EB9F /* IWidget.cpp */; };
		2D18757511EB5EAF00A8EB9F /* Key.cpp in Sources */ = {isa = PBXBuildFile; fileRef = 2D1874D411EB5EAF00A8EB9F /* Key.cpp */; };
		2D18757611EB5EAF00A8EB9F /* Keyframe.cpp in Sources */ = {isa = PBXBuildFile; fileRef = 2D1874D511EB5EAF00A8EB9F /* Keyframe.cpp */; };
		2D18757711EB5EAF00A8EB9F /* LeakReport.cpp in Sources */ = {isa = PBXBuildFile; fileRef = 2D1874D611EB5EAF00A8EB9F /* LeakReport.cpp */; };
		2D18757811EB5EAF00A8EB9F /* ModuleManager.cpp in Sources */ = {isa = PBXBuildFile; fileRef = 2D1874D711EB5EAF00A8EB9F /* ModuleManager.cpp */; };
		2D18757911EB5EAF00A8EB9F /* Movie.cpp in Sources */ = {isa = PBXBuildFile; fileRef = 2D1874D811EB5EAF00A8EB9F /* Movie.cpp */; };
		2D18757A11EB5EAF00A8EB9F /* Package.cpp in Sources */ = {isa = PBXBuildFile; fileRef = 2D1874D911EB5EAF00A8EB9F /* Package.cpp */; };
		2D18757B11EB5EAF00A8EB9F /* PackageManager.cpp in Sources */ = {isa = PBXBuildFile; fileRef = 2D1874DA11EB5EAF00A8EB9F /* PackageManager.cpp */; };
		2D18757C11EB5EAF00A8EB9F /* Particle.cpp in Sources */ = {isa = PBXBuildFile; fileRef = 2D1874DB11EB5EAF00A8EB9F /* Particle.cpp */; };
		2D18757D11EB5EAF00A8EB9F /* ParticleEmitter.cpp in Sources */ = {isa = PBXBuildFile; fileRef = 2D1874DC11EB5EAF00A8EB9F /* ParticleEmitter.cpp */; };
		2D18757E11EB5EAF00A8EB9F /* ParticleEmitterObject.cpp in Sources */ = {isa = PBXBuildFile; fileRef = 2D1874DD11EB5EAF00A8EB9F /* ParticleEmitterObject.cpp */; };
		2D18757F11EB5EAF00A8EB9F /* ParticleManager.cpp in Sources */ = {isa = PBXBuildFile; fileRef = 2D1874DE11EB5EAF00A8EB9F /* ParticleManager.cpp */; };
		2D18758311EB5EAF00A8EB9F /* IphInput.cpp in Sources */ = {isa = PBXBuildFile; fileRef = 2D1874E411EB5EAF00A8EB9F /* IphInput.cpp */; };
		2D18758711EB5EAF00A8EB9F /* IphMusic.cpp in Sources */ = {isa = PBXBuildFile; fileRef = 2D1874E811EB5EAF00A8EB9F /* IphMusic.cpp */; };
		2D18758811EB5EAF00A8EB9F /* IphMutex.cpp in Sources */ = {isa = PBXBuildFile; fileRef = 2D1874E911EB5EAF00A8EB9F /* IphMutex.cpp */; };
		2D18758911EB5EAF00A8EB9F /* IphoneView.mm in Sources */ = {isa = PBXBuildFile; fileRef = 2D1874EA11EB5EAF00A8EB9F /* IphoneView.mm */; };
		2D18758C11EB5EAF00A8EB9F /* IphScreen.cpp in Sources */ = {isa = PBXBuildFile; fileRef = 2D1874ED11EB5EAF00A8EB9F /* IphScreen.cpp */; };
		2D18758D11EB5EAF00A8EB9F /* IphSound.cpp in Sources */ = {isa = PBXBuildFile; fileRef = 2D1874EE11EB5EAF00A8EB9F /* IphSound.cpp */; };
		2D18758E11EB5EAF00A8EB9F /* IphSoundSystem.cpp in Sources */ = {isa = PBXBuildFile; fileRef = 2D1874EF11EB5EAF00A8EB9F /* IphSoundSystem.cpp */; };
		2D18759011EB5EAF00A8EB9F /* IphSystem.cpp in Sources */ = {isa = PBXBuildFile; fileRef = 2D1874F111EB5EAF00A8EB9F /* IphSystem.cpp */; };
		2D18759111EB5EAF00A8EB9F /* IphTexture.cpp in Sources */ = {isa = PBXBuildFile; fileRef = 2D1874F211EB5EAF00A8EB9F /* IphTexture.cpp */; };
		2D18759211EB5EAF00A8EB9F /* IphThread.cpp in Sources */ = {isa = PBXBuildFile; fileRef = 2D1874F311EB5EAF00A8EB9F /* IphThread.cpp */; };
		2D18759311EB5EAF00A8EB9F /* IphTimer.cpp in Sources */ = {isa = PBXBuildFile; fileRef = 2D1874F411EB5EAF00A8EB9F /* IphTimer.cpp */; };
		2D18759411EB5EAF00A8EB9F /* PcCartridge.cpp in Sources */ = {isa = PBXBuildFile; fileRef = 2D1874F611EB5EAF00A8EB9F /* PcCartridge.cpp */; };
		2D18759511EB5EAF00A8EB9F /* PcFileSystem.cpp in Sources */ = {isa = PBXBuildFile; fileRef = 2D1874F711EB5EAF00A8EB9F /* PcFileSystem.cpp */; };
		2D18759611EB5EAF00A8EB9F /* PcLog.cpp in Sources */ = {isa = PBXBuildFile; fileRef = 2D1874F811EB5EAF00A8EB9F /* PcLog.cpp */; };
		2D18759711EB5EAF00A8EB9F /* PcMemoryManager.cpp in Sources */ = {isa = PBXBuildFile; fileRef = 2D1874F911EB5EAF00A8EB9F /* PcMemoryManager.cpp */; };
		2D18759811EB5EAF00A8EB9F /* PcMemoryPool.cpp in Sources */ = {isa = PBXBuildFile; fileRef = 2D1874FA11EB5EAF00A8EB9F /* PcMemoryPool.cpp */; };
		2D18759911EB5EAF00A8EB9F /* PcRendererDevice.cpp in Sources */ = {isa = PBXBuildFile; fileRef = 2D1874FB11EB5EAF00A8EB9F /* PcRendererDevice.cpp */; };
		2D18759A11EB5EAF00A8EB9F /* posix.cpp in Sources */ = {isa = PBXBuildFile; fileRef = 2D1874FC11EB5EAF00A8EB9F /* posix.cpp */; };
		2D18759B11EB5EAF00A8EB9F /* win32.cpp in Sources */ = {isa = PBXBuildFile; fileRef = 2D1874FD11EB5EAF00A8EB9F /* win32.cpp */; };
		2D18759D11EB5EAF00A8EB9F /* QtInput.cpp in Sources */ = {isa = PBXBuildFile; fileRef = 2D18750011EB5EAF00A8EB9F /* QtInput.cpp */; };
		2D18759E11EB5EAF00A8EB9F /* QtMutex.cpp in Sources */ = {isa = PBXBuildFile; fileRef = 2D18750111EB5EAF00A8EB9F /* QtMutex.cpp */; };
		2D18759F11EB5EAF00A8EB9F /* QtScene.cpp in Sources */ = {isa = PBXBuildFile; fileRef = 2D18750211EB5EAF00A8EB9F /* QtScene.cpp */; };
		2D1875A011EB5EAF00A8EB9F /* QtScreen.cpp in Sources */ = {isa = PBXBuildFile; fileRef = 2D18750311EB5EAF00A8EB9F /* QtScreen.cpp */; };
		2D1875A111EB5EAF00A8EB9F /* QtSurface.cpp in Sources */ = {isa = PBXBuildFile; fileRef = 2D18750411EB5EAF00A8EB9F /* QtSurface.cpp */; };
		2D1875A211EB5EAF00A8EB9F /* QtSystem.cpp in Sources */ = {isa = PBXBuildFile; fileRef = 2D18750511EB5EAF00A8EB9F /* QtSystem.cpp */; };
		2D1875A311EB5EAF00A8EB9F /* QtTexture.cpp in Sources */ = {isa = PBXBuildFile; fileRef = 2D18750611EB5EAF00A8EB9F /* QtTexture.cpp */; };
		2D1875A411EB5EAF00A8EB9F /* QtThread.cpp in Sources */ = {isa = PBXBuildFile; fileRef = 2D18750711EB5EAF00A8EB9F /* QtThread.cpp */; };
		2D1875A511EB5EAF00A8EB9F /* QtTimer.cpp in Sources */ = {isa = PBXBuildFile; fileRef = 2D18750811EB5EAF00A8EB9F /* QtTimer.cpp */; };
		2D1875A611EB5EAF00A8EB9F /* SdlInput.cpp in Sources */ = {isa = PBXBuildFile; fileRef = 2D18750A11EB5EAF00A8EB9F /* SdlInput.cpp */; };
		2D1875A711EB5EAF00A8EB9F /* SdlMutex.cpp in Sources */ = {isa = PBXBuildFile; fileRef = 2D18750B11EB5EAF00A8EB9F /* SdlMutex.cpp */; };
		2D1875A811EB5EAF00A8EB9F /* SdlScreen.cpp in Sources */ = {isa = PBXBuildFile; fileRef = 2D18750C11EB5EAF00A8EB9F /* SdlScreen.cpp */; };
		2D1875A911EB5EAF00A8EB9F /* SdlSystem.cpp in Sources */ = {isa = PBXBuildFile; fileRef = 2D18750D11EB5EAF00A8EB9F /* SdlSystem.cpp */; };
		2D1875AA11EB5EAF00A8EB9F /* SdlTexture.cpp in Sources */ = {isa = PBXBuildFile; fileRef = 2D18750E11EB5EAF00A8EB9F /* SdlTexture.cpp */; };
		2D1875AB11EB5EAF00A8EB9F /* SdlThread.cpp in Sources */ = {isa = PBXBuildFile; fileRef = 2D18750F11EB5EAF00A8EB9F /* SdlThread.cpp */; };
		2D1875AC11EB5EAF00A8EB9F /* SdlTimer.cpp in Sources */ = {isa = PBXBuildFile; fileRef = 2D18751011EB5EAF00A8EB9F /* SdlTimer.cpp */; };
		2D1875AD11EB5EAF00A8EB9F /* Profiler.cpp in Sources */ = {isa = PBXBuildFile; fileRef = 2D18751111EB5EAF00A8EB9F /* Profiler.cpp */; };
		2D1875AE11EB5EAF00A8EB9F /* Rand.cpp in Sources */ = {isa = PBXBuildFile; fileRef = 2D18751211EB5EAF00A8EB9F /* Rand.cpp */; };
		2D1875AF11EB5EAF00A8EB9F /* Renderer.cpp in Sources */ = {isa = PBXBuildFile; fileRef = 2D18751311EB5EAF00A8EB9F /* Renderer.cpp */; };
		2D1875B011EB5EAF00A8EB9F /* RendererManager.cpp in Sources */ = {isa = PBXBuildFile; fileRef = 2D18751411EB5EAF00A8EB9F /* RendererManager.cpp */; };
		2D1875B111EB5EAF00A8EB9F /* ResourceGroup.cpp in Sources */ = {isa = PBXBuildFile; fileRef = 2D18751511EB5EAF00A8EB9F /* ResourceGroup.cpp */; };
		2D1875B211EB5EAF00A8EB9F /* ResourceLoader.cpp in Sources */ = {isa = PBXBuildFile; fileRef = 2D18751611EB5EAF00A8EB9F /* ResourceLoader.cpp */; };
		2D1875B311EB5EAF00A8EB9F /* ResourceManager.cpp in Sources */ = {isa = PBXBuildFile; fileRef = 2D18751711EB5EAF00A8EB9F /* ResourceManager.cpp */; };
		2D1875B411EB5EAF00A8EB9F /* SaveSystem.cpp in Sources */ = {isa = PBXBuildFile; fileRef = 2D18751811EB5EAF00A8EB9F /* SaveSystem.cpp */; };
		2D1875B511EB5EAF00A8EB9F /* SceneManager.cpp in Sources */ = {isa = PBXBuildFile; fileRef = 2D18751911EB5EAF00A8EB9F /* SceneManager.cpp */; };
		2D1875B611EB5EAF00A8EB9F /* SceneNode.cpp in Sources */ = {isa = PBXBuildFile; fileRef = 2D18751A11EB5EAF00A8EB9F /* SceneNode.cpp */; };
		2D1875B711EB5EAF00A8EB9F /* SeedInit.cpp in Sources */ = {isa = PBXBuildFile; fileRef = 2D18751B11EB5EAF00A8EB9F /* SeedInit.cpp */; };
		2D1875B811EB5EAF00A8EB9F /* SpriteObject.cpp in Sources */ = {isa = PBXBuildFile; fileRef = 2D18751C11EB5EAF00A8EB9F /* SpriteObject.cpp */; };
		2D1875B911EB5EAF00A8EB9F /* StringCache.cpp in Sources */ = {isa = PBXBuildFile; fileRef = 2D18751D11EB5EAF00A8EB9F /* StringCache.cpp */; };
		2D1875BA11EB5EAF00A8EB9F /* Text.cpp in Sources */ = {isa = PBXBuildFile; fileRef = 2D18751E11EB5EAF00A8EB9F /* Text.cpp */; };
		2D1875BB11EB5EAF00A8EB9F /* Timeline.cpp in Sources */ = {isa = PBXBuildFile; fileRef = 2D18751F11EB5EAF00A8EB9F /* Timeline.cpp */; };
		2D1875BC11EB5EAF00A8EB9F /* Trigonometry.cpp in Sources */ = {isa = PBXBuildFile; fileRef = 2D18752011EB5EAF00A8EB9F /* Trigonometry.cpp */; };
		2D1875BD11EB5EAF00A8EB9F /* TString.cpp in Sources */ = {isa = PBXBuildFile; fileRef = 2D18752111EB5EAF00A8EB9F /* TString.cpp */; };
		2D1875BE11EB5EAF00A8EB9F /* Updater.cpp in Sources */ = {isa = PBXBuildFile; fileRef = 2D18752211EB5EAF00A8EB9F /* Updater.cpp */; };
		2D1875BF11EB5EAF00A8EB9F /* ViewManager.cpp in Sources */ = {isa = PBXBuildFile; fileRef = 2D18752311EB5EAF00A8EB9F /* ViewManager.cpp */; };
		2D1875C011EB5EAF00A8EB9F /* Viewport.cpp in Sources */ = {isa = PBXBuildFile; fileRef = 2D18752411EB5EAF00A8EB9F /* Viewport.cpp */; };
		2D18777E11EB850000A8EB9F /* OglES1RendererDevice.cpp in Sources */ = {isa = PBXBuildFile; fileRef = 2D18777D11EB850000A8EB9F /* OglES1RendererDevice.cpp */; };
		2D187BDA11EBB8E900A8EB9F /* IphSoundSource.cpp in Sources */ = {isa = PBXBuildFile; fileRef = 2D187BD911EBB8E900A8EB9F /* IphSoundSource.cpp */; };
		746D98890FE7446A00DEC14E /* CoreAudio.framework in Frameworks */ = {isa = PBXBuildFile; fileRef = 746D98880FE7446A00DEC14E /* CoreAudio.framework */; };
		746D988D0FE7447900DEC14E /* CoreFoundation.framework in Frameworks */ = {isa = PBXBuildFile; fileRef = 746D988C0FE7447900DEC14E /* CoreFoundation.framework */; };
		746D98940FE744B000DEC14E /* OpenAL.framework in Frameworks */ = {isa = PBXBuildFile; fileRef = 746D98930FE744B000DEC14E /* OpenAL.framework */; };
		746D98980FE744BD00DEC14E /* OpenGL.framework in Frameworks */ = {isa = PBXBuildFile; fileRef = 746D98970FE744BD00DEC14E /* OpenGL.framework */; };
		746D989B0FE744EB00DEC14E /* Foundation.framework in Frameworks */ = {isa = PBXBuildFile; fileRef = 1D30AB110D05D00D00671497 /* Foundation.framework */; };
		746D98E60FE7464900DEC14E /* UIKit.framework in Frameworks */ = {isa = PBXBuildFile; fileRef = 1DF5F4DF0D08C38300B7A737 /* UIKit.framework */; };
/* End PBXBuildFile section */

/* Begin PBXFileReference section */
		1D30AB110D05D00D00671497 /* Foundation.framework */ = {isa = PBXFileReference; lastKnownFileType = wrapper.framework; name = Foundation.framework; path = System/Library/Frameworks/Foundation.framework; sourceTree = SDKROOT; };
		1DF5F4DF0D08C38300B7A737 /* UIKit.framework */ = {isa = PBXFileReference; lastKnownFileType = wrapper.framework; name = UIKit.framework; path = System/Library/Frameworks/UIKit.framework; sourceTree = SDKROOT; };
		28AD733E0D9D9553002E5188 /* MainWindow.xib */ = {isa = PBXFileReference; lastKnownFileType = file.xib; path = MainWindow.xib; sourceTree = "<group>"; };
		28FD14FF0DC6FC520079059D /* OpenGLES.framework */ = {isa = PBXFileReference; lastKnownFileType = wrapper.framework; name = OpenGLES.framework; path = System/Library/Frameworks/OpenGLES.framework; sourceTree = SDKROOT; };
		28FD15070DC6FC5B0079059D /* QuartzCore.framework */ = {isa = PBXFileReference; lastKnownFileType = wrapper.framework; name = QuartzCore.framework; path = System/Library/Frameworks/QuartzCore.framework; sourceTree = SDKROOT; };
		2D18741F11EB5E9B00A8EB9F /* include */ = {isa = PBXFileReference; lastKnownFileType = folder; name = include; path = ../../include; sourceTree = SOURCE_ROOT; };
		2D18747C11EB5EAF00A8EB9F /* D3D8RendererDevice.cpp */ = {isa = PBXFileReference; fileEncoding = 4; lastKnownFileType = sourcecode.cpp.cpp; path = D3D8RendererDevice.cpp; sourceTree = "<group>"; };
		2D18747D11EB5EAF00A8EB9F /* DirectXVersion.cpp */ = {isa = PBXFileReference; fileEncoding = 4; lastKnownFileType = sourcecode.cpp.cpp; path = DirectXVersion.cpp; sourceTree = "<group>"; };
		2D18747F11EB5EAF00A8EB9F /* OalOggMusic.cpp */ = {isa = PBXFileReference; fileEncoding = 4; lastKnownFileType = sourcecode.cpp.cpp; path = OalOggMusic.cpp; sourceTree = "<group>"; };
		2D18748011EB5EAF00A8EB9F /* OalOggSound.cpp */ = {isa = PBXFileReference; fileEncoding = 4; lastKnownFileType = sourcecode.cpp.cpp; path = OalOggSound.cpp; sourceTree = "<group>"; };
		2D18748111EB5EAF00A8EB9F /* OalOggSoundSource.cpp */ = {isa = PBXFileReference; fileEncoding = 4; lastKnownFileType = sourcecode.cpp.cpp; path = OalOggSoundSource.cpp; sourceTree = "<group>"; };
		2D18748211EB5EAF00A8EB9F /* OalOggSoundSystem.cpp */ = {isa = PBXFileReference; fileEncoding = 4; lastKnownFileType = sourcecode.cpp.cpp; path = OalOggSoundSystem.cpp; sourceTree = "<group>"; };
		2D18748311EB5EAF00A8EB9F /* vorbis_util.cpp */ = {isa = PBXFileReference; fileEncoding = 4; lastKnownFileType = sourcecode.cpp.cpp; path = vorbis_util.cpp; sourceTree = "<group>"; };
		2D18748511EB5EAF00A8EB9F /* Ogl14RendererDevice.cpp */ = {isa = PBXFileReference; fileEncoding = 4; lastKnownFileType = sourcecode.cpp.cpp; path = Ogl14RendererDevice.cpp; sourceTree = "<group>"; };
		2D18748711EB5EAF00A8EB9F /* Theora.cpp */ = {isa = PBXFileReference; fileEncoding = 4; lastKnownFileType = sourcecode.cpp.cpp; path = Theora.cpp; sourceTree = "<group>"; };
		2D18748811EB5EAF00A8EB9F /* Checksum.cpp */ = {isa = PBXFileReference; fileEncoding = 4; lastKnownFileType = sourcecode.cpp.cpp; path = Checksum.cpp; sourceTree = "<group>"; };
		2D18748911EB5EAF00A8EB9F /* CollisionMask.cpp */ = {isa = PBXFileReference; fileEncoding = 4; lastKnownFileType = sourcecode.cpp.cpp; path = CollisionMask.cpp; sourceTree = "<group>"; };
		2D18748A11EB5EAF00A8EB9F /* Configuration.cpp */ = {isa = PBXFileReference; fileEncoding = 4; lastKnownFileType = sourcecode.cpp.cpp; path = Configuration.cpp; sourceTree = "<group>"; };
		2D18748B11EB5EAF00A8EB9F /* Dictionary.cpp */ = {isa = PBXFileReference; fileEncoding = 4; lastKnownFileType = sourcecode.cpp.cpp; path = Dictionary.cpp; sourceTree = "<group>"; };
		2D18748C11EB5EAF00A8EB9F /* EventFileSystem.cpp */ = {isa = PBXFileReference; fileEncoding = 4; lastKnownFileType = sourcecode.cpp.cpp; path = EventFileSystem.cpp; sourceTree = "<group>"; };
		2D18748D11EB5EAF00A8EB9F /* EventInputKeyboard.cpp */ = {isa = PBXFileReference; fileEncoding = 4; lastKnownFileType = sourcecode.cpp.cpp; path = EventInputKeyboard.cpp; sourceTree = "<group>"; };
		2D18748E11EB5EAF00A8EB9F /* EventInputMotion.cpp */ = {isa = PBXFileReference; fileEncoding = 4; lastKnownFileType = sourcecode.cpp.cpp; path = EventInputMotion.cpp; sourceTree = "<group>"; };
		2D18748F11EB5EAF00A8EB9F /* EventInputPointer.cpp */ = {isa = PBXFileReference; fileEncoding = 4; lastKnownFileType = sourcecode.cpp.cpp; path = EventInputPointer.cpp; sourceTree = "<group>"; };
		2D18749011EB5EAF00A8EB9F /* EventMovie.cpp */ = {isa = PBXFileReference; fileEncoding = 4; lastKnownFileType = sourcecode.cpp.cpp; path = EventMovie.cpp; sourceTree = "<group>"; };
		2D18749111EB5EAF00A8EB9F /* EventResourceLoader.cpp */ = {isa = PBXFileReference; fileEncoding = 4; lastKnownFileType = sourcecode.cpp.cpp; path = EventResourceLoader.cpp; sourceTree = "<group>"; };
		2D18749211EB5EAF00A8EB9F /* EventSystem.cpp */ = {isa = PBXFileReference; fileEncoding = 4; lastKnownFileType = sourcecode.cpp.cpp; path = EventSystem.cpp; sourceTree = "<group>"; };
		2D18749911EB5EAF00A8EB9F /* yallocwrap.cpp */ = {isa = PBXFileReference; fileEncoding = 4; lastKnownFileType = sourcecode.cpp.cpp; path = yallocwrap.cpp; sourceTree = "<group>"; };
		2D18749A11EB5EAF00A8EB9F /* ymemorymanager.cpp */ = {isa = PBXFileReference; fileEncoding = 4; lastKnownFileType = sourcecode.cpp.cpp; path = ymemorymanager.cpp; sourceTree = "<group>"; };
		2D18749B11EB5EAF00A8EB9F /* File.cpp */ = {isa = PBXFileReference; fileEncoding = 4; lastKnownFileType = sourcecode.cpp.cpp; path = File.cpp; sourceTree = "<group>"; };
		2D18749C11EB5EAF00A8EB9F /* Font.cpp */ = {isa = PBXFileReference; fileEncoding = 4; lastKnownFileType = sourcecode.cpp.cpp; path = Font.cpp; sourceTree = "<group>"; };
		2D18749D11EB5EAF00A8EB9F /* Formats.cpp */ = {isa = PBXFileReference; fileEncoding = 4; lastKnownFileType = sourcecode.cpp.cpp; path = Formats.cpp; sourceTree = "<group>"; };
		2D18749F11EB5EAF00A8EB9F /* Button.cpp */ = {isa = PBXFileReference; fileEncoding = 4; lastKnownFileType = sourcecode.cpp.cpp; path = Button.cpp; sourceTree = "<group>"; };
		2D1874A011EB5EAF00A8EB9F /* EventWidget.cpp */ = {isa = PBXFileReference; fileEncoding = 4; lastKnownFileType = sourcecode.cpp.cpp; path = EventWidget.cpp; sourceTree = "<group>"; };
		2D1874A111EB5EAF00A8EB9F /* GuiManager.cpp */ = {isa = PBXFileReference; fileEncoding = 4; lastKnownFileType = sourcecode.cpp.cpp; path = GuiManager.cpp; sourceTree = "<group>"; };
		2D1874A211EB5EAF00A8EB9F /* Label.cpp */ = {isa = PBXFileReference; fileEncoding = 4; lastKnownFileType = sourcecode.cpp.cpp; path = Label.cpp; sourceTree = "<group>"; };
		2D1874A311EB5EAF00A8EB9F /* TextArea.cpp */ = {isa = PBXFileReference; fileEncoding = 4; lastKnownFileType = sourcecode.cpp.cpp; path = TextArea.cpp; sourceTree = "<group>"; };
		2D1874A411EB5EAF00A8EB9F /* WidgetContainer.cpp */ = {isa = PBXFileReference; fileEncoding = 4; lastKnownFileType = sourcecode.cpp.cpp; path = WidgetContainer.cpp; sourceTree = "<group>"; };
		2D1874A511EB5EAF00A8EB9F /* Image.cpp */ = {isa = PBXFileReference; fileEncoding = 4; lastKnownFileType = sourcecode.cpp.cpp; path = Image.cpp; sourceTree = "<group>"; };
		2D1874A711EB5EAF00A8EB9F /* IBasicMesh.cpp */ = {isa = PBXFileReference; fileEncoding = 4; lastKnownFileType = sourcecode.cpp.cpp; path = IBasicMesh.cpp; sourceTree = "<group>"; };
		2D1874A811EB5EAF00A8EB9F /* ICartridge.cpp */ = {isa = PBXFileReference; fileEncoding = 4; lastKnownFileType = sourcecode.cpp.cpp; path = ICartridge.cpp; sourceTree = "<group>"; };
		2D1874A911EB5EAF00A8EB9F /* IEvent.cpp */ = {isa = PBXFileReference; fileEncoding = 4; lastKnownFileType = sourcecode.cpp.cpp; path = IEvent.cpp; sourceTree = "<group>"; };
		2D1874AA11EB5EAF00A8EB9F /* IEventFileSystemListener.cpp */ = {isa = PBXFileReference; fileEncoding = 4; lastKnownFileType = sourcecode.cpp.cpp; path = IEventFileSystemListener.cpp; sourceTree = "<group>"; };
		2D1874AB11EB5EAF00A8EB9F /* IEventInput.cpp */ = {isa = PBXFileReference; fileEncoding = 4; lastKnownFileType = sourcecode.cpp.cpp; path = IEventInput.cpp; sourceTree = "<group>"; };
		2D1874AC11EB5EAF00A8EB9F /* IEventInputKeyboardListener.cpp */ = {isa = PBXFileReference; fileEncoding = 4; lastKnownFileType = sourcecode.cpp.cpp; path = IEventInputKeyboardListener.cpp; sourceTree = "<group>"; };
		2D1874AD11EB5EAF00A8EB9F /* IEventInputMotionListener.cpp */ = {isa = PBXFileReference; fileEncoding = 4; lastKnownFileType = sourcecode.cpp.cpp; path = IEventInputMotionListener.cpp; sourceTree = "<group>"; };
		2D1874AE11EB5EAF00A8EB9F /* IEventInputPointerListener.cpp */ = {isa = PBXFileReference; fileEncoding = 4; lastKnownFileType = sourcecode.cpp.cpp; path = IEventInputPointerListener.cpp; sourceTree = "<group>"; };
		2D1874AF11EB5EAF00A8EB9F /* IEventListener.cpp */ = {isa = PBXFileReference; fileEncoding = 4; lastKnownFileType = sourcecode.cpp.cpp; path = IEventListener.cpp; sourceTree = "<group>"; };
		2D1874B011EB5EAF00A8EB9F /* IEventMovieListener.cpp */ = {isa = PBXFileReference; fileEncoding = 4; lastKnownFileType = sourcecode.cpp.cpp; path = IEventMovieListener.cpp; sourceTree = "<group>"; };
		2D1874B111EB5EAF00A8EB9F /* IEventResourceLoaderListener.cpp */ = {isa = PBXFileReference; fileEncoding = 4; lastKnownFileType = sourcecode.cpp.cpp; path = IEventResourceLoaderListener.cpp; sourceTree = "<group>"; };
		2D1874B211EB5EAF00A8EB9F /* IEventSystemListener.cpp */ = {isa = PBXFileReference; fileEncoding = 4; lastKnownFileType = sourcecode.cpp.cpp; path = IEventSystemListener.cpp; sourceTree = "<group>"; };
		2D1874B311EB5EAF00A8EB9F /* IEventWidgetListener.cpp */ = {isa = PBXFileReference; fileEncoding = 4; lastKnownFileType = sourcecode.cpp.cpp; path = IEventWidgetListener.cpp; sourceTree = "<group>"; };
		2D1874B411EB5EAF00A8EB9F /* IFileSystem.cpp */ = {isa = PBXFileReference; fileEncoding = 4; lastKnownFileType = sourcecode.cpp.cpp; path = IFileSystem.cpp; sourceTree = "<group>"; };
		2D1874B511EB5EAF00A8EB9F /* IGameApp.cpp */ = {isa = PBXFileReference; fileEncoding = 4; lastKnownFileType = sourcecode.cpp.cpp; path = IGameApp.cpp; sourceTree = "<group>"; };
		2D1874B611EB5EAF00A8EB9F /* IInput.cpp */ = {isa = PBXFileReference; fileEncoding = 4; lastKnownFileType = sourcecode.cpp.cpp; path = IInput.cpp; sourceTree = "<group>"; };
		2D1874B711EB5EAF00A8EB9F /* IInputJoystick.cpp */ = {isa = PBXFileReference; fileEncoding = 4; lastKnownFileType = sourcecode.cpp.cpp; path = IInputJoystick.cpp; sourceTree = "<group>"; };
		2D1874B811EB5EAF00A8EB9F /* IInputKeyboard.cpp */ = {isa = PBXFileReference; fileEncoding = 4; lastKnownFileType = sourcecode.cpp.cpp; path = IInputKeyboard.cpp; sourceTree = "<group>"; };
		2D1874B911EB5EAF00A8EB9F /* IInputMotion.cpp */ = {isa = PBXFileReference; fileEncoding = 4; lastKnownFileType = sourcecode.cpp.cpp; path = IInputMotion.cpp; sourceTree = "<group>"; };
		2D1874BA11EB5EAF00A8EB9F /* IInputPointer.cpp */ = {isa = PBXFileReference; fileEncoding = 4; lastKnownFileType = sourcecode.cpp.cpp; path = IInputPointer.cpp; sourceTree = "<group>"; };
		2D1874BB11EB5EAF00A8EB9F /* IMemoryManager.cpp */ = {isa = PBXFileReference; fileEncoding = 4; lastKnownFileType = sourcecode.cpp.cpp; path = IMemoryManager.cpp; sourceTree = "<group>"; };
		2D1874BC11EB5EAF00A8EB9F /* IMemoryPool.cpp */ = {isa = PBXFileReference; fileEncoding = 4; lastKnownFileType = sourcecode.cpp.cpp; path = IMemoryPool.cpp; sourceTree = "<group>"; };
		2D1874BD11EB5EAF00A8EB9F /* IModule.cpp */ = {isa = PBXFileReference; fileEncoding = 4; lastKnownFileType = sourcecode.cpp.cpp; path = IModule.cpp; sourceTree = "<group>"; };
		2D1874BE11EB5EAF00A8EB9F /* IMusic.cpp */ = {isa = PBXFileReference; fileEncoding = 4; lastKnownFileType = sourcecode.cpp.cpp; path = IMusic.cpp; sourceTree = "<group>"; };
		2D1874BF11EB5EAF00A8EB9F /* IMutex.cpp */ = {isa = PBXFileReference; fileEncoding = 4; lastKnownFileType = sourcecode.cpp.cpp; path = IMutex.cpp; sourceTree = "<group>"; };
		2D1874C011EB5EAF00A8EB9F /* IObject.cpp */ = {isa = PBXFileReference; fileEncoding = 4; lastKnownFileType = sourcecode.cpp.cpp; path = IObject.cpp; sourceTree = "<group>"; };
		2D1874C111EB5EAF00A8EB9F /* IPlayable.cpp */ = {isa = PBXFileReference; fileEncoding = 4; lastKnownFileType = sourcecode.cpp.cpp; path = IPlayable.cpp; sourceTree = "<group>"; };
		2D1874C211EB5EAF00A8EB9F /* IRenderable.cpp */ = {isa = PBXFileReference; fileEncoding = 4; lastKnownFileType = sourcecode.cpp.cpp; path = IRenderable.cpp; sourceTree = "<group>"; };
		2D1874C311EB5EAF00A8EB9F /* IRendererDevice.cpp */ = {isa = PBXFileReference; fileEncoding = 4; lastKnownFileType = sourcecode.cpp.cpp; path = IRendererDevice.cpp; sourceTree = "<group>"; };
		2D1874C411EB5EAF00A8EB9F /* IResource.cpp */ = {isa = PBXFileReference; fileEncoding = 4; lastKnownFileType = sourcecode.cpp.cpp; path = IResource.cpp; sourceTree = "<group>"; };
		2D1874C511EB5EAF00A8EB9F /* ISceneNode.cpp */ = {isa = PBXFileReference; fileEncoding = 4; lastKnownFileType = sourcecode.cpp.cpp; path = ISceneNode.cpp; sourceTree = "<group>"; };
		2D1874C611EB5EAF00A8EB9F /* ISceneObject.cpp */ = {isa = PBXFileReference; fileEncoding = 4; lastKnownFileType = sourcecode.cpp.cpp; path = ISceneObject.cpp; sourceTree = "<group>"; };
		2D1874C711EB5EAF00A8EB9F /* IScreen.cpp */ = {isa = PBXFileReference; fileEncoding = 4; lastKnownFileType = sourcecode.cpp.cpp; path = IScreen.cpp; sourceTree = "<group>"; };
		2D1874C811EB5EAF00A8EB9F /* ISound.cpp */ = {isa = PBXFileReference; fileEncoding = 4; lastKnownFileType = sourcecode.cpp.cpp; path = ISound.cpp; sourceTree = "<group>"; };
		2D1874C911EB5EAF00A8EB9F /* ISoundSource.cpp */ = {isa = PBXFileReference; fileEncoding = 4; lastKnownFileType = sourcecode.cpp.cpp; path = ISoundSource.cpp; sourceTree = "<group>"; };
		2D1874CA11EB5EAF00A8EB9F /* ISoundSystem.cpp */ = {isa = PBXFileReference; fileEncoding = 4; lastKnownFileType = sourcecode.cpp.cpp; path = ISoundSystem.cpp; sourceTree = "<group>"; };
		2D1874CB11EB5EAF00A8EB9F /* ISprite.cpp */ = {isa = PBXFileReference; fileEncoding = 4; lastKnownFileType = sourcecode.cpp.cpp; path = ISprite.cpp; sourceTree = "<group>"; };
		2D1874CC11EB5EAF00A8EB9F /* ISystem.cpp */ = {isa = PBXFileReference; fileEncoding = 4; lastKnownFileType = sourcecode.cpp.cpp; path = ISystem.cpp; sourceTree = "<group>"; };
		2D1874CD11EB5EAF00A8EB9F /* ITexture.cpp */ = {isa = PBXFileReference; fileEncoding = 4; lastKnownFileType = sourcecode.cpp.cpp; path = ITexture.cpp; sourceTree = "<group>"; };
		2D1874CE11EB5EAF00A8EB9F /* IThread.cpp */ = {isa = PBXFileReference; fileEncoding = 4; lastKnownFileType = sourcecode.cpp.cpp; path = IThread.cpp; sourceTree = "<group>"; };
		2D1874CF11EB5EAF00A8EB9F /* ITimer.cpp */ = {isa = PBXFileReference; fileEncoding = 4; lastKnownFileType = sourcecode.cpp.cpp; path = ITimer.cpp; sourceTree = "<group>"; };
		2D1874D011EB5EAF00A8EB9F /* ITransformable2D.cpp */ = {isa = PBXFileReference; fileEncoding = 4; lastKnownFileType = sourcecode.cpp.cpp; path = ITransformable2D.cpp; sourceTree = "<group>"; };
		2D1874D111EB5EAF00A8EB9F /* IUpdatable.cpp */ = {isa = PBXFileReference; fileEncoding = 4; lastKnownFileType = sourcecode.cpp.cpp; path = IUpdatable.cpp; sourceTree = "<group>"; };
		2D1874D211EB5EAF00A8EB9F /* IVideo.cpp */ = {isa = PBXFileReference; fileEncoding = 4; lastKnownFileType = sourcecode.cpp.cpp; path = IVideo.cpp; sourceTree = "<group>"; };
		2D1874D311EB5EAF00A8EB9F /* IWidget.cpp */ = {isa = PBXFileReference; fileEncoding = 4; lastKnownFileType = sourcecode.cpp.cpp; path = IWidget.cpp; sourceTree = "<group>"; };
		2D1874D411EB5EAF00A8EB9F /* Key.cpp */ = {isa = PBXFileReference; fileEncoding = 4; lastKnownFileType = sourcecode.cpp.cpp; path = Key.cpp; sourceTree = "<group>"; };
		2D1874D511EB5EAF00A8EB9F /* Keyframe.cpp */ = {isa = PBXFileReference; fileEncoding = 4; lastKnownFileType = sourcecode.cpp.cpp; path = Keyframe.cpp; sourceTree = "<group>"; };
		2D1874D611EB5EAF00A8EB9F /* LeakReport.cpp */ = {isa = PBXFileReference; fileEncoding = 4; lastKnownFileType = sourcecode.cpp.cpp; path = LeakReport.cpp; sourceTree = "<group>"; };
		2D1874D711EB5EAF00A8EB9F /* ModuleManager.cpp */ = {isa = PBXFileReference; fileEncoding = 4; lastKnownFileType = sourcecode.cpp.cpp; path = ModuleManager.cpp; sourceTree = "<group>"; };
		2D1874D811EB5EAF00A8EB9F /* Movie.cpp */ = {isa = PBXFileReference; fileEncoding = 4; lastKnownFileType = sourcecode.cpp.cpp; path = Movie.cpp; sourceTree = "<group>"; };
		2D1874D911EB5EAF00A8EB9F /* Package.cpp */ = {isa = PBXFileReference; fileEncoding = 4; lastKnownFileType = sourcecode.cpp.cpp; path = Package.cpp; sourceTree = "<group>"; };
		2D1874DA11EB5EAF00A8EB9F /* PackageManager.cpp */ = {isa = PBXFileReference; fileEncoding = 4; lastKnownFileType = sourcecode.cpp.cpp; path = PackageManager.cpp; sourceTree = "<group>"; };
		2D1874DB11EB5EAF00A8EB9F /* Particle.cpp */ = {isa = PBXFileReference; fileEncoding = 4; lastKnownFileType = sourcecode.cpp.cpp; path = Particle.cpp; sourceTree = "<group>"; };
		2D1874DC11EB5EAF00A8EB9F /* ParticleEmitter.cpp */ = {isa = PBXFileReference; fileEncoding = 4; lastKnownFileType = sourcecode.cpp.cpp; path = ParticleEmitter.cpp; sourceTree = "<group>"; };
		2D1874DD11EB5EAF00A8EB9F /* ParticleEmitterObject.cpp */ = {isa = PBXFileReference; fileEncoding = 4; lastKnownFileType = sourcecode.cpp.cpp; path = ParticleEmitterObject.cpp; sourceTree = "<group>"; };
		2D1874DE11EB5EAF00A8EB9F /* ParticleManager.cpp */ = {isa = PBXFileReference; fileEncoding = 4; lastKnownFileType = sourcecode.cpp.cpp; path = ParticleManager.cpp; sourceTree = "<group>"; };
		2D1874E411EB5EAF00A8EB9F /* IphInput.cpp */ = {isa = PBXFileReference; fileEncoding = 4; lastKnownFileType = sourcecode.cpp.cpp; path = IphInput.cpp; sourceTree = "<group>"; };
		2D1874E811EB5EAF00A8EB9F /* IphMusic.cpp */ = {isa = PBXFileReference; fileEncoding = 4; lastKnownFileType = sourcecode.cpp.cpp; path = IphMusic.cpp; sourceTree = "<group>"; };
		2D1874E911EB5EAF00A8EB9F /* IphMutex.cpp */ = {isa = PBXFileReference; fileEncoding = 4; lastKnownFileType = sourcecode.cpp.cpp; path = IphMutex.cpp; sourceTree = "<group>"; };
		2D1874EA11EB5EAF00A8EB9F /* IphoneView.mm */ = {isa = PBXFileReference; fileEncoding = 4; lastKnownFileType = sourcecode.cpp.objcpp; path = IphoneView.mm; sourceTree = "<group>"; };
		2D1874ED11EB5EAF00A8EB9F /* IphScreen.cpp */ = {isa = PBXFileReference; fileEncoding = 4; lastKnownFileType = sourcecode.cpp.cpp; path = IphScreen.cpp; sourceTree = "<group>"; };
		2D1874EE11EB5EAF00A8EB9F /* IphSound.cpp */ = {isa = PBXFileReference; fileEncoding = 4; lastKnownFileType = sourcecode.cpp.cpp; path = IphSound.cpp; sourceTree = "<group>"; };
		2D1874EF11EB5EAF00A8EB9F /* IphSoundSystem.cpp */ = {isa = PBXFileReference; fileEncoding = 4; lastKnownFileType = sourcecode.cpp.cpp; path = IphSoundSystem.cpp; sourceTree = "<group>"; };
		2D1874F111EB5EAF00A8EB9F /* IphSystem.cpp */ = {isa = PBXFileReference; fileEncoding = 4; lastKnownFileType = sourcecode.cpp.cpp; path = IphSystem.cpp; sourceTree = "<group>"; };
		2D1874F211EB5EAF00A8EB9F /* IphTexture.cpp */ = {isa = PBXFileReference; fileEncoding = 4; lastKnownFileType = sourcecode.cpp.cpp; path = IphTexture.cpp; sourceTree = "<group>"; };
		2D1874F311EB5EAF00A8EB9F /* IphThread.cpp */ = {isa = PBXFileReference; fileEncoding = 4; lastKnownFileType = sourcecode.cpp.cpp; path = IphThread.cpp; sourceTree = "<group>"; };
		2D1874F411EB5EAF00A8EB9F /* IphTimer.cpp */ = {isa = PBXFileReference; fileEncoding = 4; lastKnownFileType = sourcecode.cpp.cpp; path = IphTimer.cpp; sourceTree = "<group>"; };
		2D1874F611EB5EAF00A8EB9F /* PcCartridge.cpp */ = {isa = PBXFileReference; fileEncoding = 4; lastKnownFileType = sourcecode.cpp.cpp; path = PcCartridge.cpp; sourceTree = "<group>"; };
		2D1874F711EB5EAF00A8EB9F /* PcFileSystem.cpp */ = {isa = PBXFileReference; fileEncoding = 4; lastKnownFileType = sourcecode.cpp.cpp; path = PcFileSystem.cpp; sourceTree = "<group>"; };
		2D1874F811EB5EAF00A8EB9F /* PcLog.cpp */ = {isa = PBXFileReference; fileEncoding = 4; lastKnownFileType = sourcecode.cpp.cpp; path = PcLog.cpp; sourceTree = "<group>"; };
		2D1874F911EB5EAF00A8EB9F /* PcMemoryManager.cpp */ = {isa = PBXFileReference; fileEncoding = 4; lastKnownFileType = sourcecode.cpp.cpp; path = PcMemoryManager.cpp; sourceTree = "<group>"; };
		2D1874FA11EB5EAF00A8EB9F /* PcMemoryPool.cpp */ = {isa = PBXFileReference; fileEncoding = 4; lastKnownFileType = sourcecode.cpp.cpp; path = PcMemoryPool.cpp; sourceTree = "<group>"; };
		2D1874FB11EB5EAF00A8EB9F /* PcRendererDevice.cpp */ = {isa = PBXFileReference; fileEncoding = 4; lastKnownFileType = sourcecode.cpp.cpp; path = PcRendererDevice.cpp; sourceTree = "<group>"; };
		2D1874FC11EB5EAF00A8EB9F /* posix.cpp */ = {isa = PBXFileReference; fileEncoding = 4; lastKnownFileType = sourcecode.cpp.cpp; path = posix.cpp; sourceTree = "<group>"; };
		2D1874FD11EB5EAF00A8EB9F /* win32.cpp */ = {isa = PBXFileReference; fileEncoding = 4; lastKnownFileType = sourcecode.cpp.cpp; path = win32.cpp; sourceTree = "<group>"; };
		2D18750011EB5EAF00A8EB9F /* QtInput.cpp */ = {isa = PBXFileReference; fileEncoding = 4; lastKnownFileType = sourcecode.cpp.cpp; path = QtInput.cpp; sourceTree = "<group>"; };
		2D18750111EB5EAF00A8EB9F /* QtMutex.cpp */ = {isa = PBXFileReference; fileEncoding = 4; lastKnownFileType = sourcecode.cpp.cpp; path = QtMutex.cpp; sourceTree = "<group>"; };
		2D18750211EB5EAF00A8EB9F /* QtScene.cpp */ = {isa = PBXFileReference; fileEncoding = 4; lastKnownFileType = sourcecode.cpp.cpp; path = QtScene.cpp; sourceTree = "<group>"; };
		2D18750311EB5EAF00A8EB9F /* QtScreen.cpp */ = {isa = PBXFileReference; fileEncoding = 4; lastKnownFileType = sourcecode.cpp.cpp; path = QtScreen.cpp; sourceTree = "<group>"; };
		2D18750411EB5EAF00A8EB9F /* QtSurface.cpp */ = {isa = PBXFileReference; fileEncoding = 4; lastKnownFileType = sourcecode.cpp.cpp; path = QtSurface.cpp; sourceTree = "<group>"; };
		2D18750511EB5EAF00A8EB9F /* QtSystem.cpp */ = {isa = PBXFileReference; fileEncoding = 4; lastKnownFileType = sourcecode.cpp.cpp; path = QtSystem.cpp; sourceTree = "<group>"; };
		2D18750611EB5EAF00A8EB9F /* QtTexture.cpp */ = {isa = PBXFileReference; fileEncoding = 4; lastKnownFileType = sourcecode.cpp.cpp; path = QtTexture.cpp; sourceTree = "<group>"; };
		2D18750711EB5EAF00A8EB9F /* QtThread.cpp */ = {isa = PBXFileReference; fileEncoding = 4; lastKnownFileType = sourcecode.cpp.cpp; path = QtThread.cpp; sourceTree = "<group>"; };
		2D18750811EB5EAF00A8EB9F /* QtTimer.cpp */ = {isa = PBXFileReference; fileEncoding = 4; lastKnownFileType = sourcecode.cpp.cpp; path = QtTimer.cpp; sourceTree = "<group>"; };
		2D18750A11EB5EAF00A8EB9F /* SdlInput.cpp */ = {isa = PBXFileReference; fileEncoding = 4; lastKnownFileType = sourcecode.cpp.cpp; path = SdlInput.cpp; sourceTree = "<group>"; };
		2D18750B11EB5EAF00A8EB9F /* SdlMutex.cpp */ = {isa = PBXFileReference; fileEncoding = 4; lastKnownFileType = sourcecode.cpp.cpp; path = SdlMutex.cpp; sourceTree = "<group>"; };
		2D18750C11EB5EAF00A8EB9F /* SdlScreen.cpp */ = {isa = PBXFileReference; fileEncoding = 4; lastKnownFileType = sourcecode.cpp.cpp; path = SdlScreen.cpp; sourceTree = "<group>"; };
		2D18750D11EB5EAF00A8EB9F /* SdlSystem.cpp */ = {isa = PBXFileReference; fileEncoding = 4; lastKnownFileType = sourcecode.cpp.cpp; path = SdlSystem.cpp; sourceTree = "<group>"; };
		2D18750E11EB5EAF00A8EB9F /* SdlTexture.cpp */ = {isa = PBXFileReference; fileEncoding = 4; lastKnownFileType = sourcecode.cpp.cpp; path = SdlTexture.cpp; sourceTree = "<group>"; };
		2D18750F11EB5EAF00A8EB9F /* SdlThread.cpp */ = {isa = PBXFileReference; fileEncoding = 4; lastKnownFileType = sourcecode.cpp.cpp; path = SdlThread.cpp; sourceTree = "<group>"; };
		2D18751011EB5EAF00A8EB9F /* SdlTimer.cpp */ = {isa = PBXFileReference; fileEncoding = 4; lastKnownFileType = sourcecode.cpp.cpp; path = SdlTimer.cpp; sourceTree = "<group>"; };
		2D18751111EB5EAF00A8EB9F /* Profiler.cpp */ = {isa = PBXFileReference; fileEncoding = 4; lastKnownFileType = sourcecode.cpp.cpp; path = Profiler.cpp; sourceTree = "<group>"; };
		2D18751211EB5EAF00A8EB9F /* Rand.cpp */ = {isa = PBXFileReference; fileEncoding = 4; lastKnownFileType = sourcecode.cpp.cpp; path = Rand.cpp; sourceTree = "<group>"; };
		2D18751311EB5EAF00A8EB9F /* Renderer.cpp */ = {isa = PBXFileReference; fileEncoding = 4; lastKnownFileType = sourcecode.cpp.cpp; path = Renderer.cpp; sourceTree = "<group>"; };
		2D18751411EB5EAF00A8EB9F /* RendererManager.cpp */ = {isa = PBXFileReference; fileEncoding = 4; lastKnownFileType = sourcecode.cpp.cpp; path = RendererManager.cpp; sourceTree = "<group>"; };
		2D18751511EB5EAF00A8EB9F /* ResourceGroup.cpp */ = {isa = PBXFileReference; fileEncoding = 4; lastKnownFileType = sourcecode.cpp.cpp; path = ResourceGroup.cpp; sourceTree = "<group>"; };
		2D18751611EB5EAF00A8EB9F /* ResourceLoader.cpp */ = {isa = PBXFileReference; fileEncoding = 4; lastKnownFileType = sourcecode.cpp.cpp; path = ResourceLoader.cpp; sourceTree = "<group>"; };
		2D18751711EB5EAF00A8EB9F /* ResourceManager.cpp */ = {isa = PBXFileReference; fileEncoding = 4; lastKnownFileType = sourcecode.cpp.cpp; path = ResourceManager.cpp; sourceTree = "<group>"; };
		2D18751811EB5EAF00A8EB9F /* SaveSystem.cpp */ = {isa = PBXFileReference; fileEncoding = 4; lastKnownFileType = sourcecode.cpp.cpp; path = SaveSystem.cpp; sourceTree = "<group>"; };
		2D18751911EB5EAF00A8EB9F /* SceneManager.cpp */ = {isa = PBXFileReference; fileEncoding = 4; lastKnownFileType = sourcecode.cpp.cpp; path = SceneManager.cpp; sourceTree = "<group>"; };
		2D18751A11EB5EAF00A8EB9F /* SceneNode.cpp */ = {isa = PBXFileReference; fileEncoding = 4; lastKnownFileType = sourcecode.cpp.cpp; path = SceneNode.cpp; sourceTree = "<group>"; };
		2D18751B11EB5EAF00A8EB9F /* SeedInit.cpp */ = {isa = PBXFileReference; fileEncoding = 4; lastKnownFileType = sourcecode.cpp.cpp; path = SeedInit.cpp; sourceTree = "<group>"; };
		2D18751C11EB5EAF00A8EB9F /* SpriteObject.cpp */ = {isa = PBXFileReference; fileEncoding = 4; lastKnownFileType = sourcecode.cpp.cpp; path = SpriteObject.cpp; sourceTree = "<group>"; };
		2D18751D11EB5EAF00A8EB9F /* StringCache.cpp */ = {isa = PBXFileReference; fileEncoding = 4; lastKnownFileType = sourcecode.cpp.cpp; path = StringCache.cpp; sourceTree = "<group>"; };
		2D18751E11EB5EAF00A8EB9F /* Text.cpp */ = {isa = PBXFileReference; fileEncoding = 4; lastKnownFileType = sourcecode.cpp.cpp; path = Text.cpp; sourceTree = "<group>"; };
		2D18751F11EB5EAF00A8EB9F /* Timeline.cpp */ = {isa = PBXFileReference; fileEncoding = 4; lastKnownFileType = sourcecode.cpp.cpp; path = Timeline.cpp; sourceTree = "<group>"; };
		2D18752011EB5EAF00A8EB9F /* Trigonometry.cpp */ = {isa = PBXFileReference; fileEncoding = 4; lastKnownFileType = sourcecode.cpp.cpp; path = Trigonometry.cpp; sourceTree = "<group>"; };
		2D18752111EB5EAF00A8EB9F /* TString.cpp */ = {isa = PBXFileReference; fileEncoding = 4; lastKnownFileType = sourcecode.cpp.cpp; path = TString.cpp; sourceTree = "<group>"; };
		2D18752211EB5EAF00A8EB9F /* Updater.cpp */ = {isa = PBXFileReference; fileEncoding = 4; lastKnownFileType = sourcecode.cpp.cpp; path = Updater.cpp; sourceTree = "<group>"; };
		2D18752311EB5EAF00A8EB9F /* ViewManager.cpp */ = {isa = PBXFileReference; fileEncoding = 4; lastKnownFileType = sourcecode.cpp.cpp; path = ViewManager.cpp; sourceTree = "<group>"; };
		2D18752411EB5EAF00A8EB9F /* Viewport.cpp */ = {isa = PBXFileReference; fileEncoding = 4; lastKnownFileType = sourcecode.cpp.cpp; path = Viewport.cpp; sourceTree = "<group>"; };
		2D18777D11EB850000A8EB9F /* OglES1RendererDevice.cpp */ = {isa = PBXFileReference; fileEncoding = 4; lastKnownFileType = sourcecode.cpp.cpp; path = OglES1RendererDevice.cpp; sourceTree = "<group>"; };
		2D187BD911EBB8E900A8EB9F /* IphSoundSource.cpp */ = {isa = PBXFileReference; fileEncoding = 4; lastKnownFileType = sourcecode.cpp.cpp; path = IphSoundSource.cpp; sourceTree = "<group>"; };
		32CA4F630368D1EE00C91783 /* Seed_iPhone_Prefix.pch */ = {isa = PBXFileReference; fileEncoding = 4; lastKnownFileType = sourcecode.c.h; path = Seed_iPhone_Prefix.pch; sourceTree = "<group>"; };
		746D955F0FE736F700DEC14E /* libSeed.a */ = {isa = PBXFileReference; explicitFileType = archive.ar; includeInIndex = 0; path = libSeed.a; sourceTree = BUILT_PRODUCTS_DIR; };
		746D98880FE7446A00DEC14E /* CoreAudio.framework */ = {isa = PBXFileReference; lastKnownFileType = wrapper.framework; name = CoreAudio.framework; path = /System/Library/Frameworks/CoreAudio.framework; sourceTree = "<absolute>"; };
		746D988C0FE7447900DEC14E /* CoreFoundation.framework */ = {isa = PBXFileReference; lastKnownFileType = wrapper.framework; name = CoreFoundation.framework; path = /System/Library/Frameworks/CoreFoundation.framework; sourceTree = "<absolute>"; };
		746D98930FE744B000DEC14E /* OpenAL.framework */ = {isa = PBXFileReference; lastKnownFileType = wrapper.framework; name = OpenAL.framework; path = /System/Library/Frameworks/OpenAL.framework; sourceTree = "<absolute>"; };
		746D98970FE744BD00DEC14E /* OpenGL.framework */ = {isa = PBXFileReference; lastKnownFileType = wrapper.framework; name = OpenGL.framework; path = /System/Library/Frameworks/OpenGL.framework; sourceTree = "<absolute>"; };
		8D1107310486CEB800E47090 /* Info.plist */ = {isa = PBXFileReference; fileEncoding = 4; lastKnownFileType = text.plist.xml; path = Info.plist; sourceTree = "<group>"; };
/* End PBXFileReference section */

/* Begin PBXFrameworksBuildPhase section */
		746D955D0FE736F700DEC14E /* Frameworks */ = {
			isa = PBXFrameworksBuildPhase;
			buildActionMask = 2147483647;
			files = (
				746D98890FE7446A00DEC14E /* CoreAudio.framework in Frameworks */,
				746D988D0FE7447900DEC14E /* CoreFoundation.framework in Frameworks */,
				746D98940FE744B000DEC14E /* OpenAL.framework in Frameworks */,
				746D98980FE744BD00DEC14E /* OpenGL.framework in Frameworks */,
				746D989B0FE744EB00DEC14E /* Foundation.framework in Frameworks */,
				746D98E60FE7464900DEC14E /* UIKit.framework in Frameworks */,
			);
			runOnlyForDeploymentPostprocessing = 0;
		};
/* End PBXFrameworksBuildPhase section */

/* Begin PBXGroup section */
		19C28FACFE9D520D11CA2CBB /* Products */ = {
			isa = PBXGroup;
			children = (
				746D955F0FE736F700DEC14E /* libSeed.a */,
			);
			name = Products;
			sourceTree = "<group>";
		};
		29B97314FDCFA39411CA2CEA /* CustomTemplate */ = {
			isa = PBXGroup;
			children = (
				2D18747911EB5EAF00A8EB9F /* source */,
				2D18741F11EB5E9B00A8EB9F /* include */,
				29B97315FDCFA39411CA2CEA /* Other Sources */,
				29B97317FDCFA39411CA2CEA /* Resources */,
				29B97323FDCFA39411CA2CEA /* Frameworks */,
				19C28FACFE9D520D11CA2CBB /* Products */,
			);
			name = CustomTemplate;
			sourceTree = "<group>";
		};
		29B97315FDCFA39411CA2CEA /* Other Sources */ = {
			isa = PBXGroup;
			children = (
				32CA4F630368D1EE00C91783 /* Seed_iPhone_Prefix.pch */,
			);
			name = "Other Sources";
			sourceTree = "<group>";
		};
		29B97317FDCFA39411CA2CEA /* Resources */ = {
			isa = PBXGroup;
			children = (
				28AD733E0D9D9553002E5188 /* MainWindow.xib */,
				8D1107310486CEB800E47090 /* Info.plist */,
			);
			name = Resources;
			sourceTree = "<group>";
		};
		29B97323FDCFA39411CA2CEA /* Frameworks */ = {
			isa = PBXGroup;
			children = (
				746D98970FE744BD00DEC14E /* OpenGL.framework */,
				746D98930FE744B000DEC14E /* OpenAL.framework */,
				746D988C0FE7447900DEC14E /* CoreFoundation.framework */,
				746D98880FE7446A00DEC14E /* CoreAudio.framework */,
				28FD15070DC6FC5B0079059D /* QuartzCore.framework */,
				28FD14FF0DC6FC520079059D /* OpenGLES.framework */,
				1DF5F4DF0D08C38300B7A737 /* UIKit.framework */,
				1D30AB110D05D00D00671497 /* Foundation.framework */,
			);
			name = Frameworks;
			sourceTree = "<group>";
		};
		2D18747911EB5EAF00A8EB9F /* source */ = {
			isa = PBXGroup;
			children = (
				2D18747A11EB5EAF00A8EB9F /* api */,
				2D18748811EB5EAF00A8EB9F /* Checksum.cpp */,
				2D18748911EB5EAF00A8EB9F /* CollisionMask.cpp */,
				2D18748A11EB5EAF00A8EB9F /* Configuration.cpp */,
				2D18748B11EB5EAF00A8EB9F /* Dictionary.cpp */,
				2D18748C11EB5EAF00A8EB9F /* EventFileSystem.cpp */,
				2D18748D11EB5EAF00A8EB9F /* EventInputKeyboard.cpp */,
				2D18748E11EB5EAF00A8EB9F /* EventInputMotion.cpp */,
				2D18748F11EB5EAF00A8EB9F /* EventInputPointer.cpp */,
				2D18749011EB5EAF00A8EB9F /* EventMovie.cpp */,
				2D18749111EB5EAF00A8EB9F /* EventResourceLoader.cpp */,
				2D18749211EB5EAF00A8EB9F /* EventSystem.cpp */,
				2D18749311EB5EAF00A8EB9F /* extra */,
				2D18749B11EB5EAF00A8EB9F /* File.cpp */,
				2D18749C11EB5EAF00A8EB9F /* Font.cpp */,
				2D18749D11EB5EAF00A8EB9F /* Formats.cpp */,
				2D18749E11EB5EAF00A8EB9F /* gui */,
				2D1874A511EB5EAF00A8EB9F /* Image.cpp */,
				2D1874A611EB5EAF00A8EB9F /* interface */,
				2D1874D411EB5EAF00A8EB9F /* Key.cpp */,
				2D1874D511EB5EAF00A8EB9F /* Keyframe.cpp */,
				2D1874D611EB5EAF00A8EB9F /* LeakReport.cpp */,
				2D1874D711EB5EAF00A8EB9F /* ModuleManager.cpp */,
				2D1874D811EB5EAF00A8EB9F /* Movie.cpp */,
				2D1874D911EB5EAF00A8EB9F /* Package.cpp */,
				2D1874DA11EB5EAF00A8EB9F /* PackageManager.cpp */,
				2D1874DB11EB5EAF00A8EB9F /* Particle.cpp */,
				2D1874DC11EB5EAF00A8EB9F /* ParticleEmitter.cpp */,
				2D1874DD11EB5EAF00A8EB9F /* ParticleEmitterObject.cpp */,
				2D1874DE11EB5EAF00A8EB9F /* ParticleManager.cpp */,
				2D1874DF11EB5EAF00A8EB9F /* platform */,
				2D18751111EB5EAF00A8EB9F /* Profiler.cpp */,
				2D18751211EB5EAF00A8EB9F /* Rand.cpp */,
				2D18751311EB5EAF00A8EB9F /* Renderer.cpp */,
				2D18751411EB5EAF00A8EB9F /* RendererManager.cpp */,
				2D18751511EB5EAF00A8EB9F /* ResourceGroup.cpp */,
				2D18751611EB5EAF00A8EB9F /* ResourceLoader.cpp */,
				2D18751711EB5EAF00A8EB9F /* ResourceManager.cpp */,
				2D18751811EB5EAF00A8EB9F /* SaveSystem.cpp */,
				2D18751911EB5EAF00A8EB9F /* SceneManager.cpp */,
				2D18751A11EB5EAF00A8EB9F /* SceneNode.cpp */,
				2D18751B11EB5EAF00A8EB9F /* SeedInit.cpp */,
				2D18751C11EB5EAF00A8EB9F /* SpriteObject.cpp */,
				2D18751D11EB5EAF00A8EB9F /* StringCache.cpp */,
				2D18751E11EB5EAF00A8EB9F /* Text.cpp */,
				2D18751F11EB5EAF00A8EB9F /* Timeline.cpp */,
				2D18752011EB5EAF00A8EB9F /* Trigonometry.cpp */,
				2D18752111EB5EAF00A8EB9F /* TString.cpp */,
				2D18752211EB5EAF00A8EB9F /* Updater.cpp */,
				2D18752311EB5EAF00A8EB9F /* ViewManager.cpp */,
				2D18752411EB5EAF00A8EB9F /* Viewport.cpp */,
			);
			name = source;
			path = ../../source;
			sourceTree = SOURCE_ROOT;
		};
		2D18747A11EB5EAF00A8EB9F /* api */ = {
			isa = PBXGroup;
			children = (
				2D18747B11EB5EAF00A8EB9F /* directx */,
				2D18747E11EB5EAF00A8EB9F /* oal_ogg */,
				2D18748411EB5EAF00A8EB9F /* ogl */,
				2D18748611EB5EAF00A8EB9F /* theora */,
			);
			path = api;
			sourceTree = "<group>";
		};
		2D18747B11EB5EAF00A8EB9F /* directx */ = {
			isa = PBXGroup;
			children = (
				2D18747C11EB5EAF00A8EB9F /* D3D8RendererDevice.cpp */,
				2D18747D11EB5EAF00A8EB9F /* DirectXVersion.cpp */,
			);
			path = directx;
			sourceTree = "<group>";
		};
		2D18747E11EB5EAF00A8EB9F /* oal_ogg */ = {
			isa = PBXGroup;
			children = (
				2D18747F11EB5EAF00A8EB9F /* OalOggMusic.cpp */,
				2D18748011EB5EAF00A8EB9F /* OalOggSound.cpp */,
				2D18748111EB5EAF00A8EB9F /* OalOggSoundSource.cpp */,
				2D18748211EB5EAF00A8EB9F /* OalOggSoundSystem.cpp */,
				2D18748311EB5EAF00A8EB9F /* vorbis_util.cpp */,
			);
			path = oal_ogg;
			sourceTree = "<group>";
		};
		2D18748411EB5EAF00A8EB9F /* ogl */ = {
			isa = PBXGroup;
			children = (
				2D18777D11EB850000A8EB9F /* OglES1RendererDevice.cpp */,
				2D18748511EB5EAF00A8EB9F /* Ogl14RendererDevice.cpp */,
			);
			path = ogl;
			sourceTree = "<group>";
		};
		2D18748611EB5EAF00A8EB9F /* theora */ = {
			isa = PBXGroup;
			children = (
				2D18748711EB5EAF00A8EB9F /* Theora.cpp */,
			);
			path = theora;
			sourceTree = "<group>";
		};
		2D18749311EB5EAF00A8EB9F /* extra */ = {
			isa = PBXGroup;
			children = (
				2D18749811EB5EAF00A8EB9F /* ymanager */,
			);
			path = extra;
			sourceTree = "<group>";
		};
		2D18749811EB5EAF00A8EB9F /* ymanager */ = {
			isa = PBXGroup;
			children = (
				2D18749911EB5EAF00A8EB9F /* yallocwrap.cpp */,
				2D18749A11EB5EAF00A8EB9F /* ymemorymanager.cpp */,
			);
			path = ymanager;
			sourceTree = "<group>";
		};
		2D18749E11EB5EAF00A8EB9F /* gui */ = {
			isa = PBXGroup;
			children = (
				2D18749F11EB5EAF00A8EB9F /* Button.cpp */,
				2D1874A011EB5EAF00A8EB9F /* EventWidget.cpp */,
				2D1874A111EB5EAF00A8EB9F /* GuiManager.cpp */,
				2D1874A211EB5EAF00A8EB9F /* Label.cpp */,
				2D1874A311EB5EAF00A8EB9F /* TextArea.cpp */,
				2D1874A411EB5EAF00A8EB9F /* WidgetContainer.cpp */,
			);
			path = gui;
			sourceTree = "<group>";
		};
		2D1874A611EB5EAF00A8EB9F /* interface */ = {
			isa = PBXGroup;
			children = (
				2D1874A711EB5EAF00A8EB9F /* IBasicMesh.cpp */,
				2D1874A811EB5EAF00A8EB9F /* ICartridge.cpp */,
				2D1874A911EB5EAF00A8EB9F /* IEvent.cpp */,
				2D1874AA11EB5EAF00A8EB9F /* IEventFileSystemListener.cpp */,
				2D1874AB11EB5EAF00A8EB9F /* IEventInput.cpp */,
				2D1874AC11EB5EAF00A8EB9F /* IEventInputKeyboardListener.cpp */,
				2D1874AD11EB5EAF00A8EB9F /* IEventInputMotionListener.cpp */,
				2D1874AE11EB5EAF00A8EB9F /* IEventInputPointerListener.cpp */,
				2D1874AF11EB5EAF00A8EB9F /* IEventListener.cpp */,
				2D1874B011EB5EAF00A8EB9F /* IEventMovieListener.cpp */,
				2D1874B111EB5EAF00A8EB9F /* IEventResourceLoaderListener.cpp */,
				2D1874B211EB5EAF00A8EB9F /* IEventSystemListener.cpp */,
				2D1874B311EB5EAF00A8EB9F /* IEventWidgetListener.cpp */,
				2D1874B411EB5EAF00A8EB9F /* IFileSystem.cpp */,
				2D1874B511EB5EAF00A8EB9F /* IGameApp.cpp */,
				2D1874B611EB5EAF00A8EB9F /* IInput.cpp */,
				2D1874B711EB5EAF00A8EB9F /* IInputJoystick.cpp */,
				2D1874B811EB5EAF00A8EB9F /* IInputKeyboard.cpp */,
				2D1874B911EB5EAF00A8EB9F /* IInputMotion.cpp */,
				2D1874BA11EB5EAF00A8EB9F /* IInputPointer.cpp */,
				2D1874BB11EB5EAF00A8EB9F /* IMemoryManager.cpp */,
				2D1874BC11EB5EAF00A8EB9F /* IMemoryPool.cpp */,
				2D1874BD11EB5EAF00A8EB9F /* IModule.cpp */,
				2D1874BE11EB5EAF00A8EB9F /* IMusic.cpp */,
				2D1874BF11EB5EAF00A8EB9F /* IMutex.cpp */,
				2D1874C011EB5EAF00A8EB9F /* IObject.cpp */,
				2D1874C111EB5EAF00A8EB9F /* IPlayable.cpp */,
				2D1874C211EB5EAF00A8EB9F /* IRenderable.cpp */,
				2D1874C311EB5EAF00A8EB9F /* IRendererDevice.cpp */,
				2D1874C411EB5EAF00A8EB9F /* IResource.cpp */,
				2D1874C511EB5EAF00A8EB9F /* ISceneNode.cpp */,
				2D1874C611EB5EAF00A8EB9F /* ISceneObject.cpp */,
				2D1874C711EB5EAF00A8EB9F /* IScreen.cpp */,
				2D1874C811EB5EAF00A8EB9F /* ISound.cpp */,
				2D1874C911EB5EAF00A8EB9F /* ISoundSource.cpp */,
				2D1874CA11EB5EAF00A8EB9F /* ISoundSystem.cpp */,
				2D1874CB11EB5EAF00A8EB9F /* ISprite.cpp */,
				2D1874CC11EB5EAF00A8EB9F /* ISystem.cpp */,
				2D1874CD11EB5EAF00A8EB9F /* ITexture.cpp */,
				2D1874CE11EB5EAF00A8EB9F /* IThread.cpp */,
				2D1874CF11EB5EAF00A8EB9F /* ITimer.cpp */,
				2D1874D011EB5EAF00A8EB9F /* ITransformable2D.cpp */,
				2D1874D111EB5EAF00A8EB9F /* IUpdatable.cpp */,
				2D1874D211EB5EAF00A8EB9F /* IVideo.cpp */,
				2D1874D311EB5EAF00A8EB9F /* IWidget.cpp */,
			);
			path = interface;
			sourceTree = "<group>";
		};
		2D1874DF11EB5EAF00A8EB9F /* platform */ = {
			isa = PBXGroup;
			children = (
				2D1874E011EB5EAF00A8EB9F /* iphone */,
				2D1874F511EB5EAF00A8EB9F /* pc */,
				2D1874FE11EB5EAF00A8EB9F /* qt */,
				2D18750911EB5EAF00A8EB9F /* sdl */,
			);
			path = platform;
			sourceTree = "<group>";
		};
		2D1874E011EB5EAF00A8EB9F /* iphone */ = {
			isa = PBXGroup;
			children = (
				2D187BD911EBB8E900A8EB9F /* IphSoundSource.cpp */,
				2D1874E411EB5EAF00A8EB9F /* IphInput.cpp */,
				2D1874E811EB5EAF00A8EB9F /* IphMusic.cpp */,
				2D1874E911EB5EAF00A8EB9F /* IphMutex.cpp */,
				2D1874EA11EB5EAF00A8EB9F /* IphoneView.mm */,
				2D1874ED11EB5EAF00A8EB9F /* IphScreen.cpp */,
				2D1874EE11EB5EAF00A8EB9F /* IphSound.cpp */,
				2D1874EF11EB5EAF00A8EB9F /* IphSoundSystem.cpp */,
				2D1874F111EB5EAF00A8EB9F /* IphSystem.cpp */,
				2D1874F211EB5EAF00A8EB9F /* IphTexture.cpp */,
				2D1874F311EB5EAF00A8EB9F /* IphThread.cpp */,
				2D1874F411EB5EAF00A8EB9F /* IphTimer.cpp */,
			);
			path = iphone;
			sourceTree = "<group>";
		};
		2D1874F511EB5EAF00A8EB9F /* pc */ = {
			isa = PBXGroup;
			children = (
				2D1874F611EB5EAF00A8EB9F /* PcCartridge.cpp */,
				2D1874F711EB5EAF00A8EB9F /* PcFileSystem.cpp */,
				2D1874F811EB5EAF00A8EB9F /* PcLog.cpp */,
				2D1874F911EB5EAF00A8EB9F /* PcMemoryManager.cpp */,
				2D1874FA11EB5EAF00A8EB9F /* PcMemoryPool.cpp */,
				2D1874FB11EB5EAF00A8EB9F /* PcRendererDevice.cpp */,
				2D1874FC11EB5EAF00A8EB9F /* posix.cpp */,
				2D1874FD11EB5EAF00A8EB9F /* win32.cpp */,
			);
			path = pc;
			sourceTree = "<group>";
		};
		2D1874FE11EB5EAF00A8EB9F /* qt */ = {
			isa = PBXGroup;
			children = (
				2D18750011EB5EAF00A8EB9F /* QtInput.cpp */,
				2D18750111EB5EAF00A8EB9F /* QtMutex.cpp */,
				2D18750211EB5EAF00A8EB9F /* QtScene.cpp */,
				2D18750311EB5EAF00A8EB9F /* QtScreen.cpp */,
				2D18750411EB5EAF00A8EB9F /* QtSurface.cpp */,
				2D18750511EB5EAF00A8EB9F /* QtSystem.cpp */,
				2D18750611EB5EAF00A8EB9F /* QtTexture.cpp */,
				2D18750711EB5EAF00A8EB9F /* QtThread.cpp */,
				2D18750811EB5EAF00A8EB9F /* QtTimer.cpp */,
			);
			path = qt;
			sourceTree = "<group>";
		};
		2D18750911EB5EAF00A8EB9F /* sdl */ = {
			isa = PBXGroup;
			children = (
				2D18750A11EB5EAF00A8EB9F /* SdlInput.cpp */,
				2D18750B11EB5EAF00A8EB9F /* SdlMutex.cpp */,
				2D18750C11EB5EAF00A8EB9F /* SdlScreen.cpp */,
				2D18750D11EB5EAF00A8EB9F /* SdlSystem.cpp */,
				2D18750E11EB5EAF00A8EB9F /* SdlTexture.cpp */,
				2D18750F11EB5EAF00A8EB9F /* SdlThread.cpp */,
				2D18751011EB5EAF00A8EB9F /* SdlTimer.cpp */,
			);
			path = sdl;
			sourceTree = "<group>";
		};
/* End PBXGroup section */

/* Begin PBXHeadersBuildPhase section */
		746D955B0FE736F700DEC14E /* Headers */ = {
			isa = PBXHeadersBuildPhase;
			buildActionMask = 2147483647;
			files = (
			);
			runOnlyForDeploymentPostprocessing = 0;
		};
/* End PBXHeadersBuildPhase section */

/* Begin PBXNativeTarget section */
		746D955E0FE736F700DEC14E /* Seed */ = {
			isa = PBXNativeTarget;
			buildConfigurationList = 746D95640FE736FD00DEC14E /* Build configuration list for PBXNativeTarget "Seed" */;
			buildPhases = (
				746D955B0FE736F700DEC14E /* Headers */,
				746D955C0FE736F700DEC14E /* Sources */,
				746D955D0FE736F700DEC14E /* Frameworks */,
			);
			buildRules = (
			);
			dependencies = (
			);
			name = Seed;
			productName = Seed;
			productReference = 746D955F0FE736F700DEC14E /* libSeed.a */;
			productType = "com.apple.product-type.library.static";
		};
/* End PBXNativeTarget section */

/* Begin PBXProject section */
		29B97313FDCFA39411CA2CEA /* Project object */ = {
			isa = PBXProject;
			buildConfigurationList = C01FCF4E08A954540054247B /* Build configuration list for PBXProject "Seed iPhone" */;
			compatibilityVersion = "Xcode 3.1";
			developmentRegion = English;
			hasScannedForEncodings = 1;
			knownRegions = (
				English,
				Japanese,
				French,
				German,
			);
			mainGroup = 29B97314FDCFA39411CA2CEA /* CustomTemplate */;
			projectDirPath = "";
			projectRoot = "";
			targets = (
				746D955E0FE736F700DEC14E /* Seed */,
			);
		};
/* End PBXProject section */

/* Begin PBXSourcesBuildPhase section */
		746D955C0FE736F700DEC14E /* Sources */ = {
			isa = PBXSourcesBuildPhase;
			buildActionMask = 2147483647;
			files = (
				2D18752511EB5EAF00A8EB9F /* D3D8RendererDevice.cpp in Sources */,
				2D18752611EB5EAF00A8EB9F /* DirectXVersion.cpp in Sources */,
				2D18752711EB5EAF00A8EB9F /* OalOggMusic.cpp in Sources */,
				2D18752811EB5EAF00A8EB9F /* OalOggSound.cpp in Sources */,
				2D18752911EB5EAF00A8EB9F /* OalOggSoundSource.cpp in Sources */,
				2D18752A11EB5EAF00A8EB9F /* OalOggSoundSystem.cpp in Sources */,
				2D18752B11EB5EAF00A8EB9F /* vorbis_util.cpp in Sources */,
				2D18752C11EB5EAF00A8EB9F /* Ogl14RendererDevice.cpp in Sources */,
				2D18752D11EB5EAF00A8EB9F /* Theora.cpp in Sources */,
				2D18752E11EB5EAF00A8EB9F /* Checksum.cpp in Sources */,
				2D18752F11EB5EAF00A8EB9F /* CollisionMask.cpp in Sources */,
				2D18753011EB5EAF00A8EB9F /* Configuration.cpp in Sources */,
				2D18753111EB5EAF00A8EB9F /* Dictionary.cpp in Sources */,
				2D18753211EB5EAF00A8EB9F /* EventFileSystem.cpp in Sources */,
				2D18753311EB5EAF00A8EB9F /* EventInputKeyboard.cpp in Sources */,
				2D18753411EB5EAF00A8EB9F /* EventInputMotion.cpp in Sources */,
				2D18753511EB5EAF00A8EB9F /* EventInputPointer.cpp in Sources */,
				2D18753611EB5EAF00A8EB9F /* EventMovie.cpp in Sources */,
				2D18753711EB5EAF00A8EB9F /* EventResourceLoader.cpp in Sources */,
				2D18753811EB5EAF00A8EB9F /* EventSystem.cpp in Sources */,
				2D18753C11EB5EAF00A8EB9F /* yallocwrap.cpp in Sources */,
				2D18753D11EB5EAF00A8EB9F /* ymemorymanager.cpp in Sources */,
				2D18753E11EB5EAF00A8EB9F /* File.cpp in Sources */,
				2D18753F11EB5EAF00A8EB9F /* Font.cpp in Sources */,
				2D18754011EB5EAF00A8EB9F /* Formats.cpp in Sources */,
				2D18754111EB5EAF00A8EB9F /* Button.cpp in Sources */,
				2D18754211EB5EAF00A8EB9F /* EventWidget.cpp in Sources */,
				2D18754311EB5EAF00A8EB9F /* GuiManager.cpp in Sources */,
				2D18754411EB5EAF00A8EB9F /* Label.cpp in Sources */,
				2D18754511EB5EAF00A8EB9F /* TextArea.cpp in Sources */,
				2D18754611EB5EAF00A8EB9F /* WidgetContainer.cpp in Sources */,
				2D18754711EB5EAF00A8EB9F /* Image.cpp in Sources */,
				2D18754811EB5EAF00A8EB9F /* IBasicMesh.cpp in Sources */,
				2D18754911EB5EAF00A8EB9F /* ICartridge.cpp in Sources */,
				2D18754A11EB5EAF00A8EB9F /* IEvent.cpp in Sources */,
				2D18754B11EB5EAF00A8EB9F /* IEventFileSystemListener.cpp in Sources */,
				2D18754C11EB5EAF00A8EB9F /* IEventInput.cpp in Sources */,
				2D18754D11EB5EAF00A8EB9F /* IEventInputKeyboardListener.cpp in Sources */,
				2D18754E11EB5EAF00A8EB9F /* IEventInputMotionListener.cpp in Sources */,
				2D18754F11EB5EAF00A8EB9F /* IEventInputPointerListener.cpp in Sources */,
				2D18755011EB5EAF00A8EB9F /* IEventListener.cpp in Sources */,
				2D18755111EB5EAF00A8EB9F /* IEventMovieListener.cpp in Sources */,
				2D18755211EB5EAF00A8EB9F /* IEventResourceLoaderListener.cpp in Sources */,
				2D18755311EB5EAF00A8EB9F /* IEventSystemListener.cpp in Sources */,
				2D18755411EB5EAF00A8EB9F /* IEventWidgetListener.cpp in Sources */,
				2D18755511EB5EAF00A8EB9F /* IFileSystem.cpp in Sources */,
				2D18755611EB5EAF00A8EB9F /* IGameApp.cpp in Sources */,
				2D18755711EB5EAF00A8EB9F /* IInput.cpp in Sources */,
				2D18755811EB5EAF00A8EB9F /* IInputJoystick.cpp in Sources */,
				2D18755911EB5EAF00A8EB9F /* IInputKeyboard.cpp in Sources */,
				2D18755A11EB5EAF00A8EB9F /* IInputMotion.cpp in Sources */,
				2D18755B11EB5EAF00A8EB9F /* IInputPointer.cpp in Sources */,
				2D18755C11EB5EAF00A8EB9F /* IMemoryManager.cpp in Sources */,
				2D18755D11EB5EAF00A8EB9F /* IMemoryPool.cpp in Sources */,
				2D18755E11EB5EAF00A8EB9F /* IModule.cpp in Sources */,
				2D18755F11EB5EAF00A8EB9F /* IMusic.cpp in Sources */,
				2D18756011EB5EAF00A8EB9F /* IMutex.cpp in Sources */,
				2D18756111EB5EAF00A8EB9F /* IObject.cpp in Sources */,
				2D18756211EB5EAF00A8EB9F /* IPlayable.cpp in Sources */,
				2D18756311EB5EAF00A8EB9F /* IRenderable.cpp in Sources */,
				2D18756411EB5EAF00A8EB9F /* IRendererDevice.cpp in Sources */,
				2D18756511EB5EAF00A8EB9F /* IResource.cpp in Sources */,
				2D18756611EB5EAF00A8EB9F /* ISceneNode.cpp in Sources */,
				2D18756711EB5EAF00A8EB9F /* ISceneObject.cpp in Sources */,
				2D18756811EB5EAF00A8EB9F /* IScreen.cpp in Sources */,
				2D18756911EB5EAF00A8EB9F /* ISound.cpp in Sources */,
				2D18756A11EB5EAF00A8EB9F /* ISoundSource.cpp in Sources */,
				2D18756B11EB5EAF00A8EB9F /* ISoundSystem.cpp in Sources */,
				2D18756C11EB5EAF00A8EB9F /* ISprite.cpp in Sources */,
				2D18756D11EB5EAF00A8EB9F /* ISystem.cpp in Sources */,
				2D18756E11EB5EAF00A8EB9F /* ITexture.cpp in Sources */,
				2D18756F11EB5EAF00A8EB9F /* IThread.cpp in Sources */,
				2D18757011EB5EAF00A8EB9F /* ITimer.cpp in Sources */,
				2D18757111EB5EAF00A8EB9F /* ITransformable2D.cpp in Sources */,
				2D18757211EB5EAF00A8EB9F /* IUpdatable.cpp in Sources */,
				2D18757311EB5EAF00A8EB9F /* IVideo.cpp in Sources */,
				2D18757411EB5EAF00A8EB9F /* IWidget.cpp in Sources */,
				2D18757511EB5EAF00A8EB9F /* Key.cpp in Sources */,
				2D18757611EB5EAF00A8EB9F /* Keyframe.cpp in Sources */,
				2D18757711EB5EAF00A8EB9F /* LeakReport.cpp in Sources */,
				2D18757811EB5EAF00A8EB9F /* ModuleManager.cpp in Sources */,
				2D18757911EB5EAF00A8EB9F /* Movie.cpp in Sources */,
				2D18757A11EB5EAF00A8EB9F /* Package.cpp in Sources */,
				2D18757B11EB5EAF00A8EB9F /* PackageManager.cpp in Sources */,
				2D18757C11EB5EAF00A8EB9F /* Particle.cpp in Sources */,
				2D18757D11EB5EAF00A8EB9F /* ParticleEmitter.cpp in Sources */,
				2D18757E11EB5EAF00A8EB9F /* ParticleEmitterObject.cpp in Sources */,
				2D18757F11EB5EAF00A8EB9F /* ParticleManager.cpp in Sources */,
				2D18758311EB5EAF00A8EB9F /* IphInput.cpp in Sources */,
				2D18758711EB5EAF00A8EB9F /* IphMusic.cpp in Sources */,
				2D18758811EB5EAF00A8EB9F /* IphMutex.cpp in Sources */,
				2D18758911EB5EAF00A8EB9F /* IphoneView.mm in Sources */,
				2D18758C11EB5EAF00A8EB9F /* IphScreen.cpp in Sources */,
				2D18758D11EB5EAF00A8EB9F /* IphSound.cpp in Sources */,
				2D18758E11EB5EAF00A8EB9F /* IphSoundSystem.cpp in Sources */,
				2D18759011EB5EAF00A8EB9F /* IphSystem.cpp in Sources */,
				2D18759111EB5EAF00A8EB9F /* IphTexture.cpp in Sources */,
				2D18759211EB5EAF00A8EB9F /* IphThread.cpp in Sources */,
				2D18759311EB5EAF00A8EB9F /* IphTimer.cpp in Sources */,
				2D18759411EB5EAF00A8EB9F /* PcCartridge.cpp in Sources */,
				2D18759511EB5EAF00A8EB9F /* PcFileSystem.cpp in Sources */,
				2D18759611EB5EAF00A8EB9F /* PcLog.cpp in Sources */,
				2D18759711EB5EAF00A8EB9F /* PcMemoryManager.cpp in Sources */,
				2D18759811EB5EAF00A8EB9F /* PcMemoryPool.cpp in Sources */,
				2D18759911EB5EAF00A8EB9F /* PcRendererDevice.cpp in Sources */,
				2D18759A11EB5EAF00A8EB9F /* posix.cpp in Sources */,
				2D18759B11EB5EAF00A8EB9F /* win32.cpp in Sources */,
				2D18759D11EB5EAF00A8EB9F /* QtInput.cpp in Sources */,
				2D18759E11EB5EAF00A8EB9F /* QtMutex.cpp in Sources */,
				2D18759F11EB5EAF00A8EB9F /* QtScene.cpp in Sources */,
				2D1875A011EB5EAF00A8EB9F /* QtScreen.cpp in Sources */,
				2D1875A111EB5EAF00A8EB9F /* QtSurface.cpp in Sources */,
				2D1875A211EB5EAF00A8EB9F /* QtSystem.cpp in Sources */,
				2D1875A311EB5EAF00A8EB9F /* QtTexture.cpp in Sources */,
				2D1875A411EB5EAF00A8EB9F /* QtThread.cpp in Sources */,
				2D1875A511EB5EAF00A8EB9F /* QtTimer.cpp in Sources */,
				2D1875A611EB5EAF00A8EB9F /* SdlInput.cpp in Sources */,
				2D1875A711EB5EAF00A8EB9F /* SdlMutex.cpp in Sources */,
				2D1875A811EB5EAF00A8EB9F /* SdlScreen.cpp in Sources */,
				2D1875A911EB5EAF00A8EB9F /* SdlSystem.cpp in Sources */,
				2D1875AA11EB5EAF00A8EB9F /* SdlTexture.cpp in Sources */,
				2D1875AB11EB5EAF00A8EB9F /* SdlThread.cpp in Sources */,
				2D1875AC11EB5EAF00A8EB9F /* SdlTimer.cpp in Sources */,
				2D1875AD11EB5EAF00A8EB9F /* Profiler.cpp in Sources */,
				2D1875AE11EB5EAF00A8EB9F /* Rand.cpp in Sources */,
				2D1875AF11EB5EAF00A8EB9F /* Renderer.cpp in Sources */,
				2D1875B011EB5EAF00A8EB9F /* RendererManager.cpp in Sources */,
				2D1875B111EB5EAF00A8EB9F /* ResourceGroup.cpp in Sources */,
				2D1875B211EB5EAF00A8EB9F /* ResourceLoader.cpp in Sources */,
				2D1875B311EB5EAF00A8EB9F /* ResourceManager.cpp in Sources */,
				2D1875B411EB5EAF00A8EB9F /* SaveSystem.cpp in Sources */,
				2D1875B511EB5EAF00A8EB9F /* SceneManager.cpp in Sources */,
				2D1875B611EB5EAF00A8EB9F /* SceneNode.cpp in Sources */,
				2D1875B711EB5EAF00A8EB9F /* SeedInit.cpp in Sources */,
				2D1875B811EB5EAF00A8EB9F /* SpriteObject.cpp in Sources */,
				2D1875B911EB5EAF00A8EB9F /* StringCache.cpp in Sources */,
				2D1875BA11EB5EAF00A8EB9F /* Text.cpp in Sources */,
				2D1875BB11EB5EAF00A8EB9F /* Timeline.cpp in Sources */,
				2D1875BC11EB5EAF00A8EB9F /* Trigonometry.cpp in Sources */,
				2D1875BD11EB5EAF00A8EB9F /* TString.cpp in Sources */,
				2D1875BE11EB5EAF00A8EB9F /* Updater.cpp in Sources */,
				2D1875BF11EB5EAF00A8EB9F /* ViewManager.cpp in Sources */,
				2D1875C011EB5EAF00A8EB9F /* Viewport.cpp in Sources */,
				2D18777E11EB850000A8EB9F /* OglES1RendererDevice.cpp in Sources */,
				2D187BDA11EBB8E900A8EB9F /* IphSoundSource.cpp in Sources */,
			);
			runOnlyForDeploymentPostprocessing = 0;
		};
/* End PBXSourcesBuildPhase section */

/* Begin XCBuildConfiguration section */
		2DB7FFB2124CF2F100BEE6F9 /* Release */ = {
			isa = XCBuildConfiguration;
			buildSettings = {
				"CODE_SIGN_IDENTITY[sdk=iphoneos*]" = "iPhone Developer: fungos bauux (M68294QGQV)";
				DEAD_CODE_STRIPPING = YES;
				GCC_AUTO_VECTORIZATION = YES;
				GCC_CHECK_RETURN_VALUE_OF_OPERATOR_NEW = YES;
				GCC_C_LANGUAGE_STANDARD = c99;
				GCC_ENABLE_CPP_EXCEPTIONS = NO;
				GCC_ENABLE_CPP_RTTI = NO;
				GCC_ENABLE_EXCEPTIONS = NO;
				GCC_ENABLE_SSE3_EXTENSIONS = NO;
				GCC_GENERATE_DEBUGGING_SYMBOLS = NO;
				GCC_PREPROCESSOR_DEFINITIONS = (
					SEED_ENABLE_OGLES1,
					_IPHONE_,
					RELEASE,
				);
				GCC_UNROLL_LOOPS = YES;
				GCC_WARN_ABOUT_MISSING_NEWLINE = YES;
				GCC_WARN_ABOUT_RETURN_TYPE = YES;
				GCC_WARN_NON_VIRTUAL_DESTRUCTOR = YES;
				GCC_WARN_SIGN_COMPARE = YES;
				GCC_WARN_UNINITIALIZED_AUTOS = NO;
				GCC_WARN_UNUSED_FUNCTION = YES;
				GCC_WARN_UNUSED_LABEL = YES;
				GCC_WARN_UNUSED_PARAMETER = YES;
				GCC_WARN_UNUSED_VALUE = YES;
				GCC_WARN_UNUSED_VARIABLE = YES;
				IPHONEOS_DEPLOYMENT_TARGET = 3.0;
				OTHER_CFLAGS = "-fvisibility=default";
				PREBINDING = NO;
				SDKROOT = iphonesimulator3.2;
				SEPARATE_STRIP = YES;
				USER_HEADER_SEARCH_PATHS = /techfront/SDK/seed/include;
			};
			name = Release;
		};
		2DB7FFB3124CF2F100BEE6F9 /* Release */ = {
			isa = XCBuildConfiguration;
			buildSettings = {
				ALWAYS_SEARCH_USER_PATHS = NO;
				COPY_PHASE_STRIP = NO;
				GCC_DYNAMIC_NO_PIC = NO;
				GCC_INPUT_FILETYPE = sourcecode.cpp.objcpp;
				GCC_OPTIMIZATION_LEVEL = 0;
				GCC_PFE_FILE_C_DIALECTS = "c objective-c c++ objective-c++";
				PREBINDING = NO;
				PRODUCT_NAME = Seed;
				SDKROOT = iphoneos3.2;
				STANDARD_C_PLUS_PLUS_LIBRARY_TYPE = static;
			};
			name = Release;
		};
		746D95600FE736F700DEC14E /* Debug */ = {
			isa = XCBuildConfiguration;
			buildSettings = {
				ALWAYS_SEARCH_USER_PATHS = NO;
				COPY_PHASE_STRIP = NO;
				GCC_DYNAMIC_NO_PIC = NO;
				GCC_INPUT_FILETYPE = sourcecode.cpp.objcpp;
				GCC_OPTIMIZATION_LEVEL = 0;
				GCC_PFE_FILE_C_DIALECTS = "c objective-c c++ objective-c++";
				PREBINDING = NO;
				PRODUCT_NAME = Seed;
				SDKROOT = iphoneos3.2;
				STANDARD_C_PLUS_PLUS_LIBRARY_TYPE = static;
			};
			name = Debug;
		};
		C01FCF4F08A954540054247B /* Debug */ = {
			isa = XCBuildConfiguration;
			buildSettings = {
				"CODE_SIGN_IDENTITY[sdk=iphoneos*]" = "iPhone Developer: fungos bauux (M68294QGQV)";
				GCC_C_LANGUAGE_STANDARD = c99;
				GCC_ENABLE_EXCEPTIONS = NO;
				GCC_PREPROCESSOR_DEFINITIONS = (
					SEED_ENABLE_OGLES1,
					YMEM_DEBUG,
					_IPHONE_,
					DEBUG,
				);
				GCC_WARN_ABOUT_RETURN_TYPE = YES;
				IPHONEOS_DEPLOYMENT_TARGET = 3.0;
				OTHER_CFLAGS = "-fvisibility=default";
				PREBINDING = NO;
				SDKROOT = iphonesimulator3.2;
				USER_HEADER_SEARCH_PATHS = /techfront/SDK/seed/include;
			};
			name = Debug;
		};
/* End XCBuildConfiguration section */

/* Begin XCConfigurationList section */
		746D95640FE736FD00DEC14E /* Build configuration list for PBXNativeTarget "Seed" */ = {
			isa = XCConfigurationList;
			buildConfigurations = (
				746D95600FE736F700DEC14E /* Debug */,
				2DB7FFB3124CF2F100BEE6F9 /* Release */,
			);
			defaultConfigurationIsVisible = 0;
			defaultConfigurationName = Debug;
		};
		C01FCF4E08A954540054247B /* Build configuration list for PBXProject "Seed iPhone" */ = {
			isa = XCConfigurationList;
			buildConfigurations = (
				C01FCF4F08A954540054247B /* Debug */,
				2DB7FFB2124CF2F100BEE6F9 /* Release */,
			);
			defaultConfigurationIsVisible = 0;
			defaultConfigurationName = Debug;
		};
/* End XCConfigurationList section */
	};
	rootObject = 29B97313FDCFA39411CA2CEA /* Project object */;
}
